// !$*UTF8*$!
{
	archiveVersion = 1;
	classes = {
	};
	objectVersion = 46;
	objects = {

/* Begin PBXBuildFile section */
		B915F99213716BD70037F1E8 /* SyncEvent.m in Sources */ = {isa = PBXBuildFile; fileRef = B915F99113716BD60037F1E8 /* SyncEvent.m */; };
		B921B59F1379553B00A9EB7A /* SynchronizerConnection.m in Sources */ = {isa = PBXBuildFile; fileRef = B921B59E1379553B00A9EB7A /* SynchronizerConnection.m */; };
		B94666DD135DB03000EDA740 /* ZigPadSettings.m in Sources */ = {isa = PBXBuildFile; fileRef = B94666DC135DB03000EDA740 /* ZigPadSettings.m */; };
		B94666E0135DB40700EDA740 /* SettingsTest.m in Sources */ = {isa = PBXBuildFile; fileRef = B94666DF135DB40700EDA740 /* SettingsTest.m */; };
		B94666E1135DB57B00EDA740 /* ZigPadSettings.m in Sources */ = {isa = PBXBuildFile; fileRef = B94666DC135DB03000EDA740 /* ZigPadSettings.m */; };
		B980003A1367FAD500A629D4 /* ActionViewController.m in Sources */ = {isa = PBXBuildFile; fileRef = B98000391367FAD500A629D4 /* ActionViewController.m */; };
		B981A69A136C434F00525E27 /* xml-example2.xml in Resources */ = {isa = PBXBuildFile; fileRef = B981A699136C434F00525E27 /* xml-example2.xml */; };
		B982349D1371346A00132F9E /* AnimatorHelper.m in Sources */ = {isa = PBXBuildFile; fileRef = B982349C1371346A00132F9E /* AnimatorHelper.m */; };
		B98234A21371975100132F9E /* ImageViewController.m in Sources */ = {isa = PBXBuildFile; fileRef = B98234A01371974D00132F9E /* ImageViewController.m */; };
		B98234A31371975100132F9E /* ImageView.xib in Resources */ = {isa = PBXBuildFile; fileRef = B98234A11371974F00132F9E /* ImageView.xib */; };
		B98234A61371A7F500132F9E /* ImageDownloader.m in Sources */ = {isa = PBXBuildFile; fileRef = B98234A51371A7F000132F9E /* ImageDownloader.m */; };
		B986A5FF135EC2DA00680172 /* GHUnitIOS.framework in Frameworks */ = {isa = PBXBuildFile; fileRef = B986A5FE135EC2DA00680172 /* GHUnitIOS.framework */; };
		B993FB7D1355E29D00A69334 /* FavoritesViewController.m in Sources */ = {isa = PBXBuildFile; fileRef = B993FB7B1355E29C00A69334 /* FavoritesViewController.m */; };
		B993FB7E1355E29D00A69334 /* FavoritesView.xib in Resources */ = {isa = PBXBuildFile; fileRef = B993FB7C1355E29D00A69334 /* FavoritesView.xib */; };
		B994BDCA135ECAEA0067529F /* GHUnitIOS.framework in Copy Files */ = {isa = PBXBuildFile; fileRef = B986A5FE135EC2DA00680172 /* GHUnitIOS.framework */; };
		B994BDCE135EDCDE0067529F /* CommandViewController.m in Sources */ = {isa = PBXBuildFile; fileRef = B994BDCC135EDCDE0067529F /* CommandViewController.m */; };
		B994BDCF135EDCDE0067529F /* CommandView.xib in Resources */ = {isa = PBXBuildFile; fileRef = B994BDCD135EDCDE0067529F /* CommandView.xib */; };
		B994BDD3135EDD3F0067529F /* 00_background_home_control_2.png in Resources */ = {isa = PBXBuildFile; fileRef = B994BDD0135EDD3F0067529F /* 00_background_home_control_2.png */; };
		B994BDD7135EDD6D0067529F /* 00_icon_home_control.png in Resources */ = {isa = PBXBuildFile; fileRef = B994BDD6135EDD6D0067529F /* 00_icon_home_control.png */; };
		B994BDD9135EDD950067529F /* Default.png in Resources */ = {isa = PBXBuildFile; fileRef = B994BDD8135EDD950067529F /* Default.png */; };
		B994BDDB135EF9460067529F /* AudioToolbox.framework in Frameworks */ = {isa = PBXBuildFile; fileRef = B994BDDA135EF9460067529F /* AudioToolbox.framework */; };
		B998B8DF134C6768003C2C7B /* UIKit.framework in Frameworks */ = {isa = PBXBuildFile; fileRef = B998B8DE134C6768003C2C7B /* UIKit.framework */; };
		B998B8E1134C6768003C2C7B /* Foundation.framework in Frameworks */ = {isa = PBXBuildFile; fileRef = B998B8E0134C6768003C2C7B /* Foundation.framework */; };
		B998B8E3134C6768003C2C7B /* CoreGraphics.framework in Frameworks */ = {isa = PBXBuildFile; fileRef = B998B8E2134C6768003C2C7B /* CoreGraphics.framework */; };
		B998B8E5134C6768003C2C7B /* CoreData.framework in Frameworks */ = {isa = PBXBuildFile; fileRef = B998B8E4134C6768003C2C7B /* CoreData.framework */; };
		B998B8EB134C6768003C2C7B /* InfoPlist.strings in Resources */ = {isa = PBXBuildFile; fileRef = B998B8E9134C6768003C2C7B /* InfoPlist.strings */; };
		B998B8EE134C6768003C2C7B /* main.m in Sources */ = {isa = PBXBuildFile; fileRef = B998B8ED134C6768003C2C7B /* main.m */; };
		B998B8F1134C6768003C2C7B /* ZigPadAppDelegate.m in Sources */ = {isa = PBXBuildFile; fileRef = B998B8F0134C6768003C2C7B /* ZigPadAppDelegate.m */; };
		B998B8F7134C6768003C2C7B /* MainWindow.xib in Resources */ = {isa = PBXBuildFile; fileRef = B998B8F5134C6768003C2C7B /* MainWindow.xib */; };
		B998B8FA134C6768003C2C7B /* RootViewController.m in Sources */ = {isa = PBXBuildFile; fileRef = B998B8F9134C6768003C2C7B /* RootViewController.m */; };
		B998B8FD134C6768003C2C7B /* RootViewController.xib in Resources */ = {isa = PBXBuildFile; fileRef = B998B8FB134C6768003C2C7B /* RootViewController.xib */; };
		B998B909134C67B5003C2C7B /* UIKit.framework in Frameworks */ = {isa = PBXBuildFile; fileRef = B998B8DE134C6768003C2C7B /* UIKit.framework */; };
		B998B90A134C67B5003C2C7B /* Foundation.framework in Frameworks */ = {isa = PBXBuildFile; fileRef = B998B8E0134C6768003C2C7B /* Foundation.framework */; };
		B998B90B134C67B5003C2C7B /* CoreGraphics.framework in Frameworks */ = {isa = PBXBuildFile; fileRef = B998B8E2134C6768003C2C7B /* CoreGraphics.framework */; };
		B998B911134C67B5003C2C7B /* InfoPlist.strings in Resources */ = {isa = PBXBuildFile; fileRef = B998B90F134C67B5003C2C7B /* InfoPlist.strings */; };
		B998B928134C6930003C2C7B /* GHUnitIOSTestMain.m in Sources */ = {isa = PBXBuildFile; fileRef = B998B927134C6930003C2C7B /* GHUnitIOSTestMain.m */; };
		B998B92B134C69AD003C2C7B /* ImporterTest.m in Sources */ = {isa = PBXBuildFile; fileRef = B998B92A134C69AD003C2C7B /* ImporterTest.m */; };
		B9A2FC6C13656076009BA16A /* Presentations.xcdatamodeld in Sources */ = {isa = PBXBuildFile; fileRef = B9A2FC6A13656076009BA16A /* Presentations.xcdatamodeld */; };
		B9A2FC7B13656267009BA16A /* BWOrderedManagedObject.m in Sources */ = {isa = PBXBuildFile; fileRef = B9A2FC7913656267009BA16A /* BWOrderedManagedObject.m */; };
		B9A2FC7F13656C58009BA16A /* Sequence.m in Sources */ = {isa = PBXBuildFile; fileRef = B9A2FC7E13656C58009BA16A /* Sequence.m */; };
		B9A2FC8213656C59009BA16A /* Action.m in Sources */ = {isa = PBXBuildFile; fileRef = B9A2FC8113656C59009BA16A /* Action.m */; };
		B9A2FC8513656C59009BA16A /* Presentation.m in Sources */ = {isa = PBXBuildFile; fileRef = B9A2FC8413656C59009BA16A /* Presentation.m */; };
		B9A2FC8813656C59009BA16A /* Param.m in Sources */ = {isa = PBXBuildFile; fileRef = B9A2FC8713656C59009BA16A /* Param.m */; };
		B9A2FC8B13656C59009BA16A /* LocalPicture.m in Sources */ = {isa = PBXBuildFile; fileRef = B9A2FC8A13656C59009BA16A /* LocalPicture.m */; };
		B9AF2B9F135DBFF8005944B7 /* SettingsViewController.m in Sources */ = {isa = PBXBuildFile; fileRef = B9AF2B9D135DBFF7005944B7 /* SettingsViewController.m */; };
		B9AF2BA0135DBFF8005944B7 /* SettingsView.xib in Resources */ = {isa = PBXBuildFile; fileRef = B9AF2B9E135DBFF7005944B7 /* SettingsView.xib */; };
		B9BC41B2134C86B60085D597 /* Importer.m in Sources */ = {isa = PBXBuildFile; fileRef = B9BC41B1134C86B60085D597 /* Importer.m */; };
		B9BC41B5134C86CC0085D597 /* Config.m in Sources */ = {isa = PBXBuildFile; fileRef = B9BC41B4134C86CC0085D597 /* Config.m */; };
		B9BC41B7134C8A230085D597 /* xml-example.xml in Resources */ = {isa = PBXBuildFile; fileRef = B9BC41B6134C8A230085D597 /* xml-example.xml */; };
		B9BC41C2134C8E400085D597 /* Importer.m in Sources */ = {isa = PBXBuildFile; fileRef = B9BC41B1134C86B60085D597 /* Importer.m */; };
		B9BC41C3134C8E470085D597 /* Config.m in Sources */ = {isa = PBXBuildFile; fileRef = B9BC41B4134C86CC0085D597 /* Config.m */; };
		B9BC41DC134C8F000085D597 /* CoreData.framework in Frameworks */ = {isa = PBXBuildFile; fileRef = B998B8E4134C6768003C2C7B /* CoreData.framework */; };
		B9BC41DF134C91700085D597 /* Database.m in Sources */ = {isa = PBXBuildFile; fileRef = B9BC41DE134C91700085D597 /* Database.m */; };
		B9BC41E0134C91700085D597 /* Database.m in Sources */ = {isa = PBXBuildFile; fileRef = B9BC41DE134C91700085D597 /* Database.m */; };
		B9BC41E5134CA8D30085D597 /* MBProgressHUD.m in Sources */ = {isa = PBXBuildFile; fileRef = B9BC41E4134CA8D30085D597 /* MBProgressHUD.m */; };
		B9BC41F7134DA5180085D597 /* Synchronizer.m in Sources */ = {isa = PBXBuildFile; fileRef = B9BC41F6134DA5180085D597 /* Synchronizer.m */; };
		B9BC41FA134DA7510085D597 /* TCPServer.m in Sources */ = {isa = PBXBuildFile; fileRef = B9BC41F9134DA7510085D597 /* TCPServer.m */; };
		B9BC41FE134DAEB90085D597 /* Commander.m in Sources */ = {isa = PBXBuildFile; fileRef = B9BC41FD134DAEB90085D597 /* Commander.m */; };
		B9BC4209134DB1470085D597 /* AsyncUdpSocket.m in Sources */ = {isa = PBXBuildFile; fileRef = B9BC4208134DB1470085D597 /* AsyncUdpSocket.m */; };
		B9BEEADD134CC5C20085663E /* testpic.jpg in Resources */ = {isa = PBXBuildFile; fileRef = B9BEEADC134CC5C20085663E /* testpic.jpg */; };
		B9BEEADF134CD7AA0085663E /* testpic2.png in Resources */ = {isa = PBXBuildFile; fileRef = B9BEEADE134CD7AA0085663E /* testpic2.png */; };
		B9BEEAE1134CD8CB0085663E /* testpic3.gif in Resources */ = {isa = PBXBuildFile; fileRef = B9BEEAE0134CD8CB0085663E /* testpic3.gif */; };
		B9DA4B811368749300EFD4B1 /* WebcamView.xib in Resources */ = {isa = PBXBuildFile; fileRef = B9DA4B7E1368749300EFD4B1 /* WebcamView.xib */; };
		B9DA4B821368749300EFD4B1 /* WebcamViewController.m in Sources */ = {isa = PBXBuildFile; fileRef = B9DA4B801368749300EFD4B1 /* WebcamViewController.m */; };
		B9E2CBAF13548FA000F1E5FE /* FlowCoverView.m in Sources */ = {isa = PBXBuildFile; fileRef = B9E2CBAE13548FA000F1E5FE /* FlowCoverView.m */; };
		B9E2CBB213548FA700F1E5FE /* DataCache.m in Sources */ = {isa = PBXBuildFile; fileRef = B9E2CBB113548FA700F1E5FE /* DataCache.m */; };
		B9E2CBB513548FBF00F1E5FE /* SequenceChoiceViewController.m in Sources */ = {isa = PBXBuildFile; fileRef = B9E2CBB413548FBF00F1E5FE /* SequenceChoiceViewController.m */; };
		B9E2CBB713548FEA00F1E5FE /* SequenceChoiceView.xib in Resources */ = {isa = PBXBuildFile; fileRef = B9E2CBB613548FEA00F1E5FE /* SequenceChoiceView.xib */; };
		B9E2CBC31354910000F1E5FE /* OpenGLES.framework in Frameworks */ = {isa = PBXBuildFile; fileRef = B9E2CBC21354910000F1E5FE /* OpenGLES.framework */; };
		B9E2CBC51354910B00F1E5FE /* QuartzCore.framework in Frameworks */ = {isa = PBXBuildFile; fileRef = B9E2CBC41354910B00F1E5FE /* QuartzCore.framework */; };
		B9F03A161355BEA9008474A9 /* 37x-Checkmark.png in Resources */ = {isa = PBXBuildFile; fileRef = B9F03A151355BEA9008474A9 /* 37x-Checkmark.png */; };
		B9F03A181355C04E008474A9 /* Failure.png in Resources */ = {isa = PBXBuildFile; fileRef = B9F03A171355C04E008474A9 /* Failure.png */; };
/* End PBXBuildFile section */

/* Begin PBXCopyFilesBuildPhase section */
		B994BDC9135ECAC80067529F /* Copy Files */ = {
			isa = PBXCopyFilesBuildPhase;
			buildActionMask = 2147483647;
			dstPath = "";
			dstSubfolderSpec = 10;
			files = (
				B994BDCA135ECAEA0067529F /* GHUnitIOS.framework in Copy Files */,
			);
			name = "Copy Files";
			runOnlyForDeploymentPostprocessing = 0;
		};
/* End PBXCopyFilesBuildPhase section */

/* Begin PBXFileReference section */
		B915F99013716BD60037F1E8 /* SyncEvent.h */ = {isa = PBXFileReference; fileEncoding = 4; lastKnownFileType = sourcecode.c.h; path = SyncEvent.h; sourceTree = "<group>"; };
		B915F99113716BD60037F1E8 /* SyncEvent.m */ = {isa = PBXFileReference; fileEncoding = 4; lastKnownFileType = sourcecode.c.objc; path = SyncEvent.m; sourceTree = "<group>"; };
		B921B59D1379553B00A9EB7A /* SynchronizerConnection.h */ = {isa = PBXFileReference; fileEncoding = 4; lastKnownFileType = sourcecode.c.h; path = SynchronizerConnection.h; sourceTree = "<group>"; };
		B921B59E1379553B00A9EB7A /* SynchronizerConnection.m */ = {isa = PBXFileReference; fileEncoding = 4; lastKnownFileType = sourcecode.c.objc; path = SynchronizerConnection.m; sourceTree = "<group>"; };
		B94666DB135DB03000EDA740 /* ZigPadSettings.h */ = {isa = PBXFileReference; fileEncoding = 4; lastKnownFileType = sourcecode.c.h; path = ZigPadSettings.h; sourceTree = "<group>"; };
		B94666DC135DB03000EDA740 /* ZigPadSettings.m */ = {isa = PBXFileReference; fileEncoding = 4; lastKnownFileType = sourcecode.c.objc; path = ZigPadSettings.m; sourceTree = "<group>"; };
		B94666DF135DB40700EDA740 /* SettingsTest.m */ = {isa = PBXFileReference; fileEncoding = 4; lastKnownFileType = sourcecode.c.objc; path = SettingsTest.m; sourceTree = "<group>"; };
		B98000381367FAD500A629D4 /* ActionViewController.h */ = {isa = PBXFileReference; fileEncoding = 4; lastKnownFileType = sourcecode.c.h; path = ActionViewController.h; sourceTree = "<group>"; };
		B98000391367FAD500A629D4 /* ActionViewController.m */ = {isa = PBXFileReference; fileEncoding = 4; lastKnownFileType = sourcecode.c.objc; path = ActionViewController.m; sourceTree = "<group>"; };
		B981A699136C434F00525E27 /* xml-example2.xml */ = {isa = PBXFileReference; fileEncoding = 4; lastKnownFileType = text.xml; path = "xml-example2.xml"; sourceTree = "<group>"; };
		B982349B1371346A00132F9E /* AnimatorHelper.h */ = {isa = PBXFileReference; fileEncoding = 4; lastKnownFileType = sourcecode.c.h; path = AnimatorHelper.h; sourceTree = "<group>"; };
		B982349C1371346A00132F9E /* AnimatorHelper.m */ = {isa = PBXFileReference; fileEncoding = 4; lastKnownFileType = sourcecode.c.objc; path = AnimatorHelper.m; sourceTree = "<group>"; };
		B982349F1371974B00132F9E /* ImageViewController.h */ = {isa = PBXFileReference; fileEncoding = 4; lastKnownFileType = sourcecode.c.h; path = ImageViewController.h; sourceTree = "<group>"; };
		B98234A01371974D00132F9E /* ImageViewController.m */ = {isa = PBXFileReference; fileEncoding = 4; lastKnownFileType = sourcecode.c.objc; path = ImageViewController.m; sourceTree = "<group>"; };
		B98234A11371974F00132F9E /* ImageView.xib */ = {isa = PBXFileReference; fileEncoding = 4; lastKnownFileType = file.xib; path = ImageView.xib; sourceTree = "<group>"; };
		B98234A41371A7EA00132F9E /* ImageDownloader.h */ = {isa = PBXFileReference; fileEncoding = 4; lastKnownFileType = sourcecode.c.h; path = ImageDownloader.h; sourceTree = "<group>"; };
		B98234A51371A7F000132F9E /* ImageDownloader.m */ = {isa = PBXFileReference; fileEncoding = 4; lastKnownFileType = sourcecode.c.objc; path = ImageDownloader.m; sourceTree = "<group>"; };
		B986A5FE135EC2DA00680172 /* GHUnitIOS.framework */ = {isa = PBXFileReference; lastKnownFileType = wrapper.framework; name = GHUnitIOS.framework; path = Frameworks/GHUnitIOS.framework; sourceTree = "<group>"; };
		B993FB7A1355E29C00A69334 /* FavoritesViewController.h */ = {isa = PBXFileReference; fileEncoding = 4; lastKnownFileType = sourcecode.c.h; path = FavoritesViewController.h; sourceTree = "<group>"; };
		B993FB7B1355E29C00A69334 /* FavoritesViewController.m */ = {isa = PBXFileReference; fileEncoding = 4; lastKnownFileType = sourcecode.c.objc; path = FavoritesViewController.m; sourceTree = "<group>"; };
		B993FB7C1355E29D00A69334 /* FavoritesView.xib */ = {isa = PBXFileReference; fileEncoding = 4; lastKnownFileType = file.xib; path = FavoritesView.xib; sourceTree = "<group>"; };
		B994BDCB135EDCDE0067529F /* CommandViewController.h */ = {isa = PBXFileReference; fileEncoding = 4; lastKnownFileType = sourcecode.c.h; path = CommandViewController.h; sourceTree = "<group>"; };
		B994BDCC135EDCDE0067529F /* CommandViewController.m */ = {isa = PBXFileReference; fileEncoding = 4; lastKnownFileType = sourcecode.c.objc; path = CommandViewController.m; sourceTree = "<group>"; };
		B994BDCD135EDCDE0067529F /* CommandView.xib */ = {isa = PBXFileReference; fileEncoding = 4; lastKnownFileType = file.xib; path = CommandView.xib; sourceTree = "<group>"; };
		B994BDD0135EDD3F0067529F /* 00_background_home_control_2.png */ = {isa = PBXFileReference; lastKnownFileType = image.png; path = 00_background_home_control_2.png; sourceTree = "<group>"; };
		B994BDD6135EDD6D0067529F /* 00_icon_home_control.png */ = {isa = PBXFileReference; lastKnownFileType = image.png; name = 00_icon_home_control.png; path = ../00_icon_home_control.png; sourceTree = "<group>"; };
		B994BDD8135EDD950067529F /* Default.png */ = {isa = PBXFileReference; lastKnownFileType = image.png; name = Default.png; path = ../Default.png; sourceTree = "<group>"; };
		B994BDDA135EF9460067529F /* AudioToolbox.framework */ = {isa = PBXFileReference; lastKnownFileType = wrapper.framework; name = AudioToolbox.framework; path = System/Library/Frameworks/AudioToolbox.framework; sourceTree = SDKROOT; };
		B998B8DA134C6768003C2C7B /* ZigPad.app */ = {isa = PBXFileReference; explicitFileType = wrapper.application; includeInIndex = 0; path = ZigPad.app; sourceTree = BUILT_PRODUCTS_DIR; };
		B998B8DE134C6768003C2C7B /* UIKit.framework */ = {isa = PBXFileReference; lastKnownFileType = wrapper.framework; name = UIKit.framework; path = System/Library/Frameworks/UIKit.framework; sourceTree = SDKROOT; };
		B998B8E0134C6768003C2C7B /* Foundation.framework */ = {isa = PBXFileReference; lastKnownFileType = wrapper.framework; name = Foundation.framework; path = System/Library/Frameworks/Foundation.framework; sourceTree = SDKROOT; };
		B998B8E2134C6768003C2C7B /* CoreGraphics.framework */ = {isa = PBXFileReference; lastKnownFileType = wrapper.framework; name = CoreGraphics.framework; path = System/Library/Frameworks/CoreGraphics.framework; sourceTree = SDKROOT; };
		B998B8E4134C6768003C2C7B /* CoreData.framework */ = {isa = PBXFileReference; lastKnownFileType = wrapper.framework; name = CoreData.framework; path = System/Library/Frameworks/CoreData.framework; sourceTree = SDKROOT; };
		B998B8E8134C6768003C2C7B /* ZigPad-Info.plist */ = {isa = PBXFileReference; lastKnownFileType = text.plist.xml; path = "ZigPad-Info.plist"; sourceTree = "<group>"; };
		B998B8EA134C6768003C2C7B /* en */ = {isa = PBXFileReference; lastKnownFileType = text.plist.strings; name = en; path = en.lproj/InfoPlist.strings; sourceTree = "<group>"; };
		B998B8EC134C6768003C2C7B /* ZigPad-Prefix.pch */ = {isa = PBXFileReference; lastKnownFileType = sourcecode.c.h; path = "ZigPad-Prefix.pch"; sourceTree = "<group>"; };
		B998B8ED134C6768003C2C7B /* main.m */ = {isa = PBXFileReference; lastKnownFileType = sourcecode.c.objc; path = main.m; sourceTree = "<group>"; };
		B998B8EF134C6768003C2C7B /* ZigPadAppDelegate.h */ = {isa = PBXFileReference; lastKnownFileType = sourcecode.c.h; path = ZigPadAppDelegate.h; sourceTree = "<group>"; };
		B998B8F0134C6768003C2C7B /* ZigPadAppDelegate.m */ = {isa = PBXFileReference; lastKnownFileType = sourcecode.c.objc; path = ZigPadAppDelegate.m; sourceTree = "<group>"; };
		B998B8F6134C6768003C2C7B /* en */ = {isa = PBXFileReference; lastKnownFileType = file.xib; name = en; path = en.lproj/MainWindow.xib; sourceTree = "<group>"; };
		B998B8F8134C6768003C2C7B /* RootViewController.h */ = {isa = PBXFileReference; lastKnownFileType = sourcecode.c.h; path = RootViewController.h; sourceTree = "<group>"; };
		B998B8F9134C6768003C2C7B /* RootViewController.m */ = {isa = PBXFileReference; lastKnownFileType = sourcecode.c.objc; path = RootViewController.m; sourceTree = "<group>"; };
		B998B8FC134C6768003C2C7B /* en */ = {isa = PBXFileReference; lastKnownFileType = file.xib; name = en; path = en.lproj/RootViewController.xib; sourceTree = "<group>"; };
		B998B907134C67B5003C2C7B /* Tests.app */ = {isa = PBXFileReference; explicitFileType = wrapper.application; includeInIndex = 0; path = Tests.app; sourceTree = BUILT_PRODUCTS_DIR; };
		B998B90E134C67B5003C2C7B /* Tests-Info.plist */ = {isa = PBXFileReference; lastKnownFileType = text.plist.xml; path = "Tests-Info.plist"; sourceTree = "<group>"; };
		B998B910134C67B5003C2C7B /* en */ = {isa = PBXFileReference; lastKnownFileType = text.plist.strings; name = en; path = en.lproj/InfoPlist.strings; sourceTree = "<group>"; };
		B998B912134C67B5003C2C7B /* Tests-Prefix.pch */ = {isa = PBXFileReference; lastKnownFileType = sourcecode.c.h; path = "Tests-Prefix.pch"; sourceTree = "<group>"; };
		B998B927134C6930003C2C7B /* GHUnitIOSTestMain.m */ = {isa = PBXFileReference; fileEncoding = 4; lastKnownFileType = sourcecode.c.objc; path = GHUnitIOSTestMain.m; sourceTree = "<group>"; };
		B998B92A134C69AD003C2C7B /* ImporterTest.m */ = {isa = PBXFileReference; fileEncoding = 4; lastKnownFileType = sourcecode.c.objc; path = ImporterTest.m; sourceTree = "<group>"; };
		B9A2FC6B13656076009BA16A /* Presentations.xcdatamodel */ = {isa = PBXFileReference; lastKnownFileType = wrapper.xcdatamodel; path = Presentations.xcdatamodel; sourceTree = "<group>"; };
		B9A2FC7813656267009BA16A /* BWOrderedManagedObject.h */ = {isa = PBXFileReference; fileEncoding = 4; lastKnownFileType = sourcecode.c.h; path = BWOrderedManagedObject.h; sourceTree = "<group>"; };
		B9A2FC7913656267009BA16A /* BWOrderedManagedObject.m */ = {isa = PBXFileReference; fileEncoding = 4; lastKnownFileType = sourcecode.c.objc; path = BWOrderedManagedObject.m; sourceTree = "<group>"; };
		B9A2FC7D13656C58009BA16A /* Sequence.h */ = {isa = PBXFileReference; fileEncoding = 4; lastKnownFileType = sourcecode.c.h; path = Sequence.h; sourceTree = "<group>"; };
		B9A2FC7E13656C58009BA16A /* Sequence.m */ = {isa = PBXFileReference; fileEncoding = 4; lastKnownFileType = sourcecode.c.objc; path = Sequence.m; sourceTree = "<group>"; };
		B9A2FC8013656C59009BA16A /* Action.h */ = {isa = PBXFileReference; fileEncoding = 4; lastKnownFileType = sourcecode.c.h; path = Action.h; sourceTree = "<group>"; };
		B9A2FC8113656C59009BA16A /* Action.m */ = {isa = PBXFileReference; fileEncoding = 4; lastKnownFileType = sourcecode.c.objc; path = Action.m; sourceTree = "<group>"; };
		B9A2FC8313656C59009BA16A /* Presentation.h */ = {isa = PBXFileReference; fileEncoding = 4; lastKnownFileType = sourcecode.c.h; path = Presentation.h; sourceTree = "<group>"; };
		B9A2FC8413656C59009BA16A /* Presentation.m */ = {isa = PBXFileReference; fileEncoding = 4; lastKnownFileType = sourcecode.c.objc; path = Presentation.m; sourceTree = "<group>"; };
		B9A2FC8613656C59009BA16A /* Param.h */ = {isa = PBXFileReference; fileEncoding = 4; lastKnownFileType = sourcecode.c.h; path = Param.h; sourceTree = "<group>"; };
		B9A2FC8713656C59009BA16A /* Param.m */ = {isa = PBXFileReference; fileEncoding = 4; lastKnownFileType = sourcecode.c.objc; path = Param.m; sourceTree = "<group>"; };
		B9A2FC8913656C59009BA16A /* LocalPicture.h */ = {isa = PBXFileReference; fileEncoding = 4; lastKnownFileType = sourcecode.c.h; path = LocalPicture.h; sourceTree = "<group>"; };
		B9A2FC8A13656C59009BA16A /* LocalPicture.m */ = {isa = PBXFileReference; fileEncoding = 4; lastKnownFileType = sourcecode.c.objc; path = LocalPicture.m; sourceTree = "<group>"; };
		B9AF2B9C135DBFF7005944B7 /* SettingsViewController.h */ = {isa = PBXFileReference; fileEncoding = 4; lastKnownFileType = sourcecode.c.h; path = SettingsViewController.h; sourceTree = "<group>"; };
		B9AF2B9D135DBFF7005944B7 /* SettingsViewController.m */ = {isa = PBXFileReference; fileEncoding = 4; lastKnownFileType = sourcecode.c.objc; path = SettingsViewController.m; sourceTree = "<group>"; };
		B9AF2B9E135DBFF7005944B7 /* SettingsView.xib */ = {isa = PBXFileReference; fileEncoding = 4; lastKnownFileType = file.xib; path = SettingsView.xib; sourceTree = "<group>"; };
		B9BC41B0134C86B60085D597 /* Importer.h */ = {isa = PBXFileReference; fileEncoding = 4; lastKnownFileType = sourcecode.c.h; path = Importer.h; sourceTree = "<group>"; };
		B9BC41B1134C86B60085D597 /* Importer.m */ = {isa = PBXFileReference; fileEncoding = 4; lastKnownFileType = sourcecode.c.objc; path = Importer.m; sourceTree = "<group>"; };
		B9BC41B3134C86CC0085D597 /* Config.h */ = {isa = PBXFileReference; fileEncoding = 4; lastKnownFileType = sourcecode.c.h; path = Config.h; sourceTree = "<group>"; };
		B9BC41B4134C86CC0085D597 /* Config.m */ = {isa = PBXFileReference; fileEncoding = 4; lastKnownFileType = sourcecode.c.objc; path = Config.m; sourceTree = "<group>"; };
		B9BC41B6134C8A230085D597 /* xml-example.xml */ = {isa = PBXFileReference; fileEncoding = 4; lastKnownFileType = text.xml; path = "xml-example.xml"; sourceTree = "<group>"; };
		B9BC41DD134C91700085D597 /* Database.h */ = {isa = PBXFileReference; fileEncoding = 4; lastKnownFileType = sourcecode.c.h; path = Database.h; sourceTree = "<group>"; };
		B9BC41DE134C91700085D597 /* Database.m */ = {isa = PBXFileReference; fileEncoding = 4; lastKnownFileType = sourcecode.c.objc; path = Database.m; sourceTree = "<group>"; };
		B9BC41E3134CA8D30085D597 /* MBProgressHUD.h */ = {isa = PBXFileReference; fileEncoding = 4; lastKnownFileType = sourcecode.c.h; name = MBProgressHUD.h; path = MBProgressHUD/MBProgressHUD.h; sourceTree = "<group>"; };
		B9BC41E4134CA8D30085D597 /* MBProgressHUD.m */ = {isa = PBXFileReference; fileEncoding = 4; lastKnownFileType = sourcecode.c.objc; name = MBProgressHUD.m; path = MBProgressHUD/MBProgressHUD.m; sourceTree = "<group>"; };
		B9BC41F5134DA5180085D597 /* Synchronizer.h */ = {isa = PBXFileReference; fileEncoding = 4; lastKnownFileType = sourcecode.c.h; path = Synchronizer.h; sourceTree = "<group>"; };
		B9BC41F6134DA5180085D597 /* Synchronizer.m */ = {isa = PBXFileReference; fileEncoding = 4; lastKnownFileType = sourcecode.c.objc; path = Synchronizer.m; sourceTree = "<group>"; };
		B9BC41F8134DA7510085D597 /* TCPServer.h */ = {isa = PBXFileReference; fileEncoding = 4; lastKnownFileType = sourcecode.c.h; path = TCPServer.h; sourceTree = "<group>"; };
		B9BC41F9134DA7510085D597 /* TCPServer.m */ = {isa = PBXFileReference; fileEncoding = 4; lastKnownFileType = sourcecode.c.objc; path = TCPServer.m; sourceTree = "<group>"; };
		B9BC41FC134DAEB90085D597 /* Commander.h */ = {isa = PBXFileReference; fileEncoding = 4; lastKnownFileType = sourcecode.c.h; path = Commander.h; sourceTree = "<group>"; };
		B9BC41FD134DAEB90085D597 /* Commander.m */ = {isa = PBXFileReference; fileEncoding = 4; lastKnownFileType = sourcecode.c.objc; path = Commander.m; sourceTree = "<group>"; };
		B9BC4207134DB1470085D597 /* AsyncUdpSocket.h */ = {isa = PBXFileReference; fileEncoding = 4; lastKnownFileType = sourcecode.c.h; path = AsyncUdpSocket.h; sourceTree = "<group>"; };
		B9BC4208134DB1470085D597 /* AsyncUdpSocket.m */ = {isa = PBXFileReference; fileEncoding = 4; lastKnownFileType = sourcecode.c.objc; path = AsyncUdpSocket.m; sourceTree = "<group>"; };
		B9BEEADC134CC5C20085663E /* testpic.jpg */ = {isa = PBXFileReference; lastKnownFileType = image.jpeg; path = testpic.jpg; sourceTree = "<group>"; };
		B9BEEADE134CD7AA0085663E /* testpic2.png */ = {isa = PBXFileReference; lastKnownFileType = image.png; path = testpic2.png; sourceTree = "<group>"; };
		B9BEEAE0134CD8CB0085663E /* testpic3.gif */ = {isa = PBXFileReference; lastKnownFileType = image.gif; path = testpic3.gif; sourceTree = "<group>"; };
		B9DA4B7E1368749300EFD4B1 /* WebcamView.xib */ = {isa = PBXFileReference; fileEncoding = 4; lastKnownFileType = file.xib; path = WebcamView.xib; sourceTree = "<group>"; };
		B9DA4B7F1368749300EFD4B1 /* WebcamViewController.h */ = {isa = PBXFileReference; fileEncoding = 4; lastKnownFileType = sourcecode.c.h; path = WebcamViewController.h; sourceTree = "<group>"; };
		B9DA4B801368749300EFD4B1 /* WebcamViewController.m */ = {isa = PBXFileReference; fileEncoding = 4; lastKnownFileType = sourcecode.c.objc; path = WebcamViewController.m; sourceTree = "<group>"; };
		B9E2CBAD13548FA000F1E5FE /* FlowCoverView.h */ = {isa = PBXFileReference; fileEncoding = 4; lastKnownFileType = sourcecode.c.h; path = FlowCoverView.h; sourceTree = "<group>"; };
		B9E2CBAE13548FA000F1E5FE /* FlowCoverView.m */ = {isa = PBXFileReference; fileEncoding = 4; lastKnownFileType = sourcecode.c.objc; path = FlowCoverView.m; sourceTree = "<group>"; };
		B9E2CBB013548FA700F1E5FE /* DataCache.h */ = {isa = PBXFileReference; fileEncoding = 4; lastKnownFileType = sourcecode.c.h; path = DataCache.h; sourceTree = "<group>"; };
		B9E2CBB113548FA700F1E5FE /* DataCache.m */ = {isa = PBXFileReference; fileEncoding = 4; lastKnownFileType = sourcecode.c.objc; path = DataCache.m; sourceTree = "<group>"; };
		B9E2CBB313548FBF00F1E5FE /* SequenceChoiceViewController.h */ = {isa = PBXFileReference; fileEncoding = 4; lastKnownFileType = sourcecode.c.h; path = SequenceChoiceViewController.h; sourceTree = "<group>"; };
		B9E2CBB413548FBF00F1E5FE /* SequenceChoiceViewController.m */ = {isa = PBXFileReference; fileEncoding = 4; lastKnownFileType = sourcecode.c.objc; path = SequenceChoiceViewController.m; sourceTree = "<group>"; };
		B9E2CBB613548FEA00F1E5FE /* SequenceChoiceView.xib */ = {isa = PBXFileReference; fileEncoding = 4; lastKnownFileType = file.xib; path = SequenceChoiceView.xib; sourceTree = "<group>"; };
		B9E2CBC21354910000F1E5FE /* OpenGLES.framework */ = {isa = PBXFileReference; lastKnownFileType = wrapper.framework; name = OpenGLES.framework; path = System/Library/Frameworks/OpenGLES.framework; sourceTree = SDKROOT; };
		B9E2CBC41354910B00F1E5FE /* QuartzCore.framework */ = {isa = PBXFileReference; lastKnownFileType = wrapper.framework; name = QuartzCore.framework; path = System/Library/Frameworks/QuartzCore.framework; sourceTree = SDKROOT; };
		B9F03A151355BEA9008474A9 /* 37x-Checkmark.png */ = {isa = PBXFileReference; lastKnownFileType = image.png; path = "37x-Checkmark.png"; sourceTree = "<group>"; };
		B9F03A171355C04E008474A9 /* Failure.png */ = {isa = PBXFileReference; lastKnownFileType = image.png; path = Failure.png; sourceTree = "<group>"; };
/* End PBXFileReference section */

/* Begin PBXFrameworksBuildPhase section */
		B998B8D7134C6768003C2C7B /* Frameworks */ = {
			isa = PBXFrameworksBuildPhase;
			buildActionMask = 2147483647;
			files = (
				B994BDDB135EF9460067529F /* AudioToolbox.framework in Frameworks */,
				B9E2CBC51354910B00F1E5FE /* QuartzCore.framework in Frameworks */,
				B9E2CBC31354910000F1E5FE /* OpenGLES.framework in Frameworks */,
				B998B8DF134C6768003C2C7B /* UIKit.framework in Frameworks */,
				B998B8E1134C6768003C2C7B /* Foundation.framework in Frameworks */,
				B998B8E3134C6768003C2C7B /* CoreGraphics.framework in Frameworks */,
				B998B8E5134C6768003C2C7B /* CoreData.framework in Frameworks */,
			);
			runOnlyForDeploymentPostprocessing = 0;
		};
		B998B904134C67B5003C2C7B /* Frameworks */ = {
			isa = PBXFrameworksBuildPhase;
			buildActionMask = 2147483647;
			files = (
				B998B909134C67B5003C2C7B /* UIKit.framework in Frameworks */,
				B998B90A134C67B5003C2C7B /* Foundation.framework in Frameworks */,
				B998B90B134C67B5003C2C7B /* CoreGraphics.framework in Frameworks */,
				B9BC41DC134C8F000085D597 /* CoreData.framework in Frameworks */,
				B986A5FF135EC2DA00680172 /* GHUnitIOS.framework in Frameworks */,
			);
			runOnlyForDeploymentPostprocessing = 0;
		};
/* End PBXFrameworksBuildPhase section */

/* Begin PBXGroup section */
		B94666D9135DB00900EDA740 /* Settings */ = {
			isa = PBXGroup;
			children = (
				B94666DB135DB03000EDA740 /* ZigPadSettings.h */,
				B94666DC135DB03000EDA740 /* ZigPadSettings.m */,
			);
			name = Settings;
			sourceTree = "<group>";
		};
		B998B8CF134C6768003C2C7B = {
			isa = PBXGroup;
			children = (
				B998B8E6134C6768003C2C7B /* ZigPad */,
				B9F03A111355BE39008474A9 /* Resources */,
				B998B90C134C67B5003C2C7B /* Tests */,
				B998B8DD134C6768003C2C7B /* Frameworks */,
				B998B8DB134C6768003C2C7B /* Products */,
			);
			sourceTree = "<group>";
		};
		B998B8DB134C6768003C2C7B /* Products */ = {
			isa = PBXGroup;
			children = (
				B998B8DA134C6768003C2C7B /* ZigPad.app */,
				B998B907134C67B5003C2C7B /* Tests.app */,
			);
			name = Products;
			sourceTree = "<group>";
		};
		B998B8DD134C6768003C2C7B /* Frameworks */ = {
			isa = PBXGroup;
			children = (
				B994BDDA135EF9460067529F /* AudioToolbox.framework */,
				B986A5FE135EC2DA00680172 /* GHUnitIOS.framework */,
				B9E2CBC41354910B00F1E5FE /* QuartzCore.framework */,
				B9E2CBC21354910000F1E5FE /* OpenGLES.framework */,
				B998B8DE134C6768003C2C7B /* UIKit.framework */,
				B998B8E0134C6768003C2C7B /* Foundation.framework */,
				B998B8E2134C6768003C2C7B /* CoreGraphics.framework */,
				B998B8E4134C6768003C2C7B /* CoreData.framework */,
			);
			name = Frameworks;
			sourceTree = "<group>";
		};
		B998B8E6134C6768003C2C7B /* ZigPad */ = {
			isa = PBXGroup;
			children = (
				B9BC41FB134DAE390085D597 /* Commander */,
				B94666D9135DB00900EDA740 /* Settings */,
				B9E2CB921354844A00F1E5FE /* FlowCoverLibs */,
				B9BC41F4134DA4A90085D597 /* Synchronize */,
				B9BC41C7134C8EB40085D597 /* CoreData */,
				B9BC41AF134C864A0085D597 /* Importer */,
				B998B8EF134C6768003C2C7B /* ZigPadAppDelegate.h */,
				B998B8F0134C6768003C2C7B /* ZigPadAppDelegate.m */,
				B9BC41AA134C85F50085D597 /* UI */,
				B998B8E7134C6768003C2C7B /* Supporting Files */,
				B98234A41371A7EA00132F9E /* ImageDownloader.h */,
				B98234A51371A7F000132F9E /* ImageDownloader.m */,
			);
			path = ZigPad;
			sourceTree = "<group>";
		};
		B998B8E7134C6768003C2C7B /* Supporting Files */ = {
			isa = PBXGroup;
			children = (
				B998B8E8134C6768003C2C7B /* ZigPad-Info.plist */,
				B998B8E9134C6768003C2C7B /* InfoPlist.strings */,
				B998B8EC134C6768003C2C7B /* ZigPad-Prefix.pch */,
				B998B8ED134C6768003C2C7B /* main.m */,
			);
			name = "Supporting Files";
			sourceTree = "<group>";
		};
		B998B90C134C67B5003C2C7B /* Tests */ = {
			isa = PBXGroup;
			children = (
				B9BEEAE0134CD8CB0085663E /* testpic3.gif */,
				B9BEEADE134CD7AA0085663E /* testpic2.png */,
				B9BEEADC134CC5C20085663E /* testpic.jpg */,
				B9BC41B6134C8A230085D597 /* xml-example.xml */,
				B981A699136C434F00525E27 /* xml-example2.xml */,
				B998B90D134C67B5003C2C7B /* Supporting Files */,
				B998B927134C6930003C2C7B /* GHUnitIOSTestMain.m */,
				B998B92A134C69AD003C2C7B /* ImporterTest.m */,
				B94666DF135DB40700EDA740 /* SettingsTest.m */,
			);
			path = Tests;
			sourceTree = "<group>";
		};
		B998B90D134C67B5003C2C7B /* Supporting Files */ = {
			isa = PBXGroup;
			children = (
				B998B90E134C67B5003C2C7B /* Tests-Info.plist */,
				B998B90F134C67B5003C2C7B /* InfoPlist.strings */,
				B998B912134C67B5003C2C7B /* Tests-Prefix.pch */,
			);
			name = "Supporting Files";
			sourceTree = "<group>";
		};
		B9A2FC7C1365626C009BA16A /* BWOrdered */ = {
			isa = PBXGroup;
			children = (
				B9A2FC7813656267009BA16A /* BWOrderedManagedObject.h */,
				B9A2FC7913656267009BA16A /* BWOrderedManagedObject.m */,
			);
			name = BWOrdered;
			sourceTree = "<group>";
		};
		B9BC41AA134C85F50085D597 /* UI */ = {
			isa = PBXGroup;
			children = (
				B9DA4B7E1368749300EFD4B1 /* WebcamView.xib */,
				B9DA4B7F1368749300EFD4B1 /* WebcamViewController.h */,
				B9DA4B801368749300EFD4B1 /* WebcamViewController.m */,
				B98000381367FAD500A629D4 /* ActionViewController.h */,
				B98000391367FAD500A629D4 /* ActionViewController.m */,
				B994BDCB135EDCDE0067529F /* CommandViewController.h */,
				B994BDCC135EDCDE0067529F /* CommandViewController.m */,
				B994BDCD135EDCDE0067529F /* CommandView.xib */,
				B9E2CBB313548FBF00F1E5FE /* SequenceChoiceViewController.h */,
				B9E2CBB413548FBF00F1E5FE /* SequenceChoiceViewController.m */,
				B998B8F5134C6768003C2C7B /* MainWindow.xib */,
				B9BC41E6134CA8DB0085D597 /* MBProgressHUD */,
				B998B8F8134C6768003C2C7B /* RootViewController.h */,
				B998B8F9134C6768003C2C7B /* RootViewController.m */,
				B998B8FB134C6768003C2C7B /* RootViewController.xib */,
				B9E2CBB613548FEA00F1E5FE /* SequenceChoiceView.xib */,
				B993FB7A1355E29C00A69334 /* FavoritesViewController.h */,
				B993FB7B1355E29C00A69334 /* FavoritesViewController.m */,
				B993FB7C1355E29D00A69334 /* FavoritesView.xib */,
				B9AF2B9C135DBFF7005944B7 /* SettingsViewController.h */,
				B9AF2B9D135DBFF7005944B7 /* SettingsViewController.m */,
				B9AF2B9E135DBFF7005944B7 /* SettingsView.xib */,
				B982349B1371346A00132F9E /* AnimatorHelper.h */,
				B982349C1371346A00132F9E /* AnimatorHelper.m */,
				B982349F1371974B00132F9E /* ImageViewController.h */,
				B98234A01371974D00132F9E /* ImageViewController.m */,
				B98234A11371974F00132F9E /* ImageView.xib */,
			);
			name = UI;
			sourceTree = "<group>";
		};
		B9BC41AF134C864A0085D597 /* Importer */ = {
			isa = PBXGroup;
			children = (
				B9BC41B3134C86CC0085D597 /* Config.h */,
				B9BC41B4134C86CC0085D597 /* Config.m */,
				B9BC41B0134C86B60085D597 /* Importer.h */,
				B9BC41B1134C86B60085D597 /* Importer.m */,
			);
			name = Importer;
			sourceTree = "<group>";
		};
		B9BC41C7134C8EB40085D597 /* CoreData */ = {
			isa = PBXGroup;
			children = (
				B9A2FC7C1365626C009BA16A /* BWOrdered */,
				B9BC41DD134C91700085D597 /* Database.h */,
				B9BC41DE134C91700085D597 /* Database.m */,
				B9A2FC6A13656076009BA16A /* Presentations.xcdatamodeld */,
				B9A2FC7D13656C58009BA16A /* Sequence.h */,
				B9A2FC7E13656C58009BA16A /* Sequence.m */,
				B9A2FC8013656C59009BA16A /* Action.h */,
				B9A2FC8113656C59009BA16A /* Action.m */,
				B9A2FC8313656C59009BA16A /* Presentation.h */,
				B9A2FC8413656C59009BA16A /* Presentation.m */,
				B9A2FC8613656C59009BA16A /* Param.h */,
				B9A2FC8713656C59009BA16A /* Param.m */,
				B9A2FC8913656C59009BA16A /* LocalPicture.h */,
				B9A2FC8A13656C59009BA16A /* LocalPicture.m */,
			);
			name = CoreData;
			path = coredata;
			sourceTree = "<group>";
		};
		B9BC41E6134CA8DB0085D597 /* MBProgressHUD */ = {
			isa = PBXGroup;
			children = (
				B9BC41E3134CA8D30085D597 /* MBProgressHUD.h */,
				B9BC41E4134CA8D30085D597 /* MBProgressHUD.m */,
			);
			name = MBProgressHUD;
			sourceTree = "<group>";
		};
		B9BC41F4134DA4A90085D597 /* Synchronize */ = {
			isa = PBXGroup;
			children = (
				B9BC41F8134DA7510085D597 /* TCPServer.h */,
				B9BC41F9134DA7510085D597 /* TCPServer.m */,
				B9BC41F5134DA5180085D597 /* Synchronizer.h */,
				B9BC41F6134DA5180085D597 /* Synchronizer.m */,
				B915F99013716BD60037F1E8 /* SyncEvent.h */,
				B915F99113716BD60037F1E8 /* SyncEvent.m */,
				B921B59D1379553B00A9EB7A /* SynchronizerConnection.h */,
				B921B59E1379553B00A9EB7A /* SynchronizerConnection.m */,
			);
			name = Synchronize;
			sourceTree = "<group>";
		};
		B9BC41FB134DAE390085D597 /* Commander */ = {
			isa = PBXGroup;
			children = (
				B9BC4207134DB1470085D597 /* AsyncUdpSocket.h */,
				B9BC4208134DB1470085D597 /* AsyncUdpSocket.m */,
				B9BC41FC134DAEB90085D597 /* Commander.h */,
				B9BC41FD134DAEB90085D597 /* Commander.m */,
			);
			name = Commander;
			sourceTree = "<group>";
		};
		B9E2CB921354844A00F1E5FE /* FlowCoverLibs */ = {
			isa = PBXGroup;
			children = (
				B9E2CBB013548FA700F1E5FE /* DataCache.h */,
				B9E2CBB113548FA700F1E5FE /* DataCache.m */,
				B9E2CBAD13548FA000F1E5FE /* FlowCoverView.h */,
				B9E2CBAE13548FA000F1E5FE /* FlowCoverView.m */,
			);
			name = FlowCoverLibs;
			sourceTree = "<group>";
		};
		B9F03A111355BE39008474A9 /* Resources */ = {
			isa = PBXGroup;
			children = (
				B994BDD8135EDD950067529F /* Default.png */,
				B994BDD6135EDD6D0067529F /* 00_icon_home_control.png */,
				B994BDD0135EDD3F0067529F /* 00_background_home_control_2.png */,
				B9F03A171355C04E008474A9 /* Failure.png */,
				B9F03A151355BEA9008474A9 /* 37x-Checkmark.png */,
			);
			name = Resources;
			path = ZigPad;
			sourceTree = "<group>";
		};
/* End PBXGroup section */

/* Begin PBXNativeTarget section */
		B998B8D9134C6768003C2C7B /* ZigPad */ = {
			isa = PBXNativeTarget;
			buildConfigurationList = B998B900134C6768003C2C7B /* Build configuration list for PBXNativeTarget "ZigPad" */;
			buildPhases = (
				B998B8D6134C6768003C2C7B /* Sources */,
				B998B8D7134C6768003C2C7B /* Frameworks */,
				B998B8D8134C6768003C2C7B /* Resources */,
			);
			buildRules = (
			);
			dependencies = (
			);
			name = ZigPad;
			productName = ZigPad;
			productReference = B998B8DA134C6768003C2C7B /* ZigPad.app */;
			productType = "com.apple.product-type.application";
		};
		B998B906134C67B5003C2C7B /* Tests */ = {
			isa = PBXNativeTarget;
			buildConfigurationList = B998B921134C67B5003C2C7B /* Build configuration list for PBXNativeTarget "Tests" */;
			buildPhases = (
				B998B903134C67B5003C2C7B /* Sources */,
				B998B904134C67B5003C2C7B /* Frameworks */,
				B998B905134C67B5003C2C7B /* Resources */,
				B994BDC9135ECAC80067529F /* Copy Files */,
			);
			buildRules = (
			);
			dependencies = (
			);
			name = Tests;
			productName = Tests;
			productReference = B998B907134C67B5003C2C7B /* Tests.app */;
			productType = "com.apple.product-type.application";
		};
/* End PBXNativeTarget section */

/* Begin PBXProject section */
		B998B8D1134C6768003C2C7B /* Project object */ = {
			isa = PBXProject;
			buildConfigurationList = B998B8D4134C6768003C2C7B /* Build configuration list for PBXProject "ZigPad" */;
			compatibilityVersion = "Xcode 3.2";
			developmentRegion = English;
			hasScannedForEncodings = 0;
			knownRegions = (
				en,
			);
			mainGroup = B998B8CF134C6768003C2C7B;
			productRefGroup = B998B8DB134C6768003C2C7B /* Products */;
			projectDirPath = "";
			projectRoot = "";
			targets = (
				B998B8D9134C6768003C2C7B /* ZigPad */,
				B998B906134C67B5003C2C7B /* Tests */,
			);
		};
/* End PBXProject section */

/* Begin PBXResourcesBuildPhase section */
		B998B8D8134C6768003C2C7B /* Resources */ = {
			isa = PBXResourcesBuildPhase;
			buildActionMask = 2147483647;
			files = (
				B998B8EB134C6768003C2C7B /* InfoPlist.strings in Resources */,
				B998B8F7134C6768003C2C7B /* MainWindow.xib in Resources */,
				B998B8FD134C6768003C2C7B /* RootViewController.xib in Resources */,
				B9BC41B7134C8A230085D597 /* xml-example.xml in Resources */,
				B9BEEADD134CC5C20085663E /* testpic.jpg in Resources */,
				B9BEEADF134CD7AA0085663E /* testpic2.png in Resources */,
				B9BEEAE1134CD8CB0085663E /* testpic3.gif in Resources */,
				B9E2CBB713548FEA00F1E5FE /* SequenceChoiceView.xib in Resources */,
				B993FB7E1355E29D00A69334 /* FavoritesView.xib in Resources */,
				B9F03A161355BEA9008474A9 /* 37x-Checkmark.png in Resources */,
				B9F03A181355C04E008474A9 /* Failure.png in Resources */,
				B9AF2BA0135DBFF8005944B7 /* SettingsView.xib in Resources */,
				B994BDCF135EDCDE0067529F /* CommandView.xib in Resources */,
				B994BDD3135EDD3F0067529F /* 00_background_home_control_2.png in Resources */,
				B994BDD7135EDD6D0067529F /* 00_icon_home_control.png in Resources */,
				B994BDD9135EDD950067529F /* Default.png in Resources */,
				B9DA4B811368749300EFD4B1 /* WebcamView.xib in Resources */,
				B981A69A136C434F00525E27 /* xml-example2.xml in Resources */,
				B98234A31371975100132F9E /* ImageView.xib in Resources */,
			);
			runOnlyForDeploymentPostprocessing = 0;
		};
		B998B905134C67B5003C2C7B /* Resources */ = {
			isa = PBXResourcesBuildPhase;
			buildActionMask = 2147483647;
			files = (
				B998B911134C67B5003C2C7B /* InfoPlist.strings in Resources */,
			);
			runOnlyForDeploymentPostprocessing = 0;
		};
/* End PBXResourcesBuildPhase section */

/* Begin PBXSourcesBuildPhase section */
		B998B8D6134C6768003C2C7B /* Sources */ = {
			isa = PBXSourcesBuildPhase;
			buildActionMask = 2147483647;
			files = (
				B998B8EE134C6768003C2C7B /* main.m in Sources */,
				B998B8F1134C6768003C2C7B /* ZigPadAppDelegate.m in Sources */,
				B998B8FA134C6768003C2C7B /* RootViewController.m in Sources */,
				B9BC41B2134C86B60085D597 /* Importer.m in Sources */,
				B9BC41B5134C86CC0085D597 /* Config.m in Sources */,
				B9BC41DF134C91700085D597 /* Database.m in Sources */,
				B9BC41E5134CA8D30085D597 /* MBProgressHUD.m in Sources */,
				B9BC41F7134DA5180085D597 /* Synchronizer.m in Sources */,
				B9BC41FA134DA7510085D597 /* TCPServer.m in Sources */,
				B9BC41FE134DAEB90085D597 /* Commander.m in Sources */,
				B9BC4209134DB1470085D597 /* AsyncUdpSocket.m in Sources */,
				B9E2CBAF13548FA000F1E5FE /* FlowCoverView.m in Sources */,
				B9E2CBB213548FA700F1E5FE /* DataCache.m in Sources */,
				B9E2CBB513548FBF00F1E5FE /* SequenceChoiceViewController.m in Sources */,
				B993FB7D1355E29D00A69334 /* FavoritesViewController.m in Sources */,
				B9AF2B9F135DBFF8005944B7 /* SettingsViewController.m in Sources */,
				B94666DD135DB03000EDA740 /* ZigPadSettings.m in Sources */,
				B994BDCE135EDCDE0067529F /* CommandViewController.m in Sources */,
				B9A2FC6C13656076009BA16A /* Presentations.xcdatamodeld in Sources */,
				B9A2FC7B13656267009BA16A /* BWOrderedManagedObject.m in Sources */,
				B9A2FC7F13656C58009BA16A /* Sequence.m in Sources */,
				B9A2FC8213656C59009BA16A /* Action.m in Sources */,
				B9A2FC8513656C59009BA16A /* Presentation.m in Sources */,
				B9A2FC8813656C59009BA16A /* Param.m in Sources */,
				B9A2FC8B13656C59009BA16A /* LocalPicture.m in Sources */,
				B980003A1367FAD500A629D4 /* ActionViewController.m in Sources */,
				B9DA4B821368749300EFD4B1 /* WebcamViewController.m in Sources */,
				B982349D1371346A00132F9E /* AnimatorHelper.m in Sources */,
				B915F99213716BD70037F1E8 /* SyncEvent.m in Sources */,
				B98234A21371975100132F9E /* ImageViewController.m in Sources */,
				B98234A61371A7F500132F9E /* ImageDownloader.m in Sources */,
				B921B59F1379553B00A9EB7A /* SynchronizerConnection.m in Sources */,
			);
			runOnlyForDeploymentPostprocessing = 0;
		};
		B998B903134C67B5003C2C7B /* Sources */ = {
			isa = PBXSourcesBuildPhase;
			buildActionMask = 2147483647;
			files = (
				B998B928134C6930003C2C7B /* GHUnitIOSTestMain.m in Sources */,
				B998B92B134C69AD003C2C7B /* ImporterTest.m in Sources */,
				B9BC41C2134C8E400085D597 /* Importer.m in Sources */,
				B9BC41C3134C8E470085D597 /* Config.m in Sources */,
				B9BC41E0134C91700085D597 /* Database.m in Sources */,
				B94666E0135DB40700EDA740 /* SettingsTest.m in Sources */,
				B94666E1135DB57B00EDA740 /* ZigPadSettings.m in Sources */,
			);
			runOnlyForDeploymentPostprocessing = 0;
		};
/* End PBXSourcesBuildPhase section */

/* Begin PBXVariantGroup section */
		B998B8E9134C6768003C2C7B /* InfoPlist.strings */ = {
			isa = PBXVariantGroup;
			children = (
				B998B8EA134C6768003C2C7B /* en */,
			);
			name = InfoPlist.strings;
			sourceTree = "<group>";
		};
		B998B8F5134C6768003C2C7B /* MainWindow.xib */ = {
			isa = PBXVariantGroup;
			children = (
				B998B8F6134C6768003C2C7B /* en */,
			);
			name = MainWindow.xib;
			sourceTree = "<group>";
		};
		B998B8FB134C6768003C2C7B /* RootViewController.xib */ = {
			isa = PBXVariantGroup;
			children = (
				B998B8FC134C6768003C2C7B /* en */,
			);
			name = RootViewController.xib;
			sourceTree = "<group>";
		};
		B998B90F134C67B5003C2C7B /* InfoPlist.strings */ = {
			isa = PBXVariantGroup;
			children = (
				B998B910134C67B5003C2C7B /* en */,
			);
			name = InfoPlist.strings;
			sourceTree = "<group>";
		};
/* End PBXVariantGroup section */

/* Begin XCBuildConfiguration section */
		B998B8FE134C6768003C2C7B /* Debug */ = {
			isa = XCBuildConfiguration;
			buildSettings = {
				ARCHS = "$(ARCHS_STANDARD_32_BIT)";
				"CODE_SIGN_IDENTITY[sdk=iphoneos*]" = "iPhone Developer";
				GCC_C_LANGUAGE_STANDARD = gnu99;
				GCC_OPTIMIZATION_LEVEL = 0;
				GCC_PREPROCESSOR_DEFINITIONS = DEBUG;
				GCC_SYMBOLS_PRIVATE_EXTERN = NO;
				GCC_VERSION = com.apple.compilers.llvmgcc42;
				GCC_WARN_ABOUT_RETURN_TYPE = YES;
				GCC_WARN_UNUSED_VARIABLE = YES;
				IPHONEOS_DEPLOYMENT_TARGET = 4.2;
				SDKROOT = iphoneos;
			};
			name = Debug;
		};
		B998B8FF134C6768003C2C7B /* Release */ = {
			isa = XCBuildConfiguration;
			buildSettings = {
				ARCHS = "$(ARCHS_STANDARD_32_BIT)";
				"CODE_SIGN_IDENTITY[sdk=iphoneos*]" = "iPhone Developer";
				GCC_C_LANGUAGE_STANDARD = gnu99;
				GCC_VERSION = com.apple.compilers.llvmgcc42;
				GCC_WARN_ABOUT_RETURN_TYPE = YES;
				GCC_WARN_UNUSED_VARIABLE = YES;
				IPHONEOS_DEPLOYMENT_TARGET = 4.2;
				OTHER_CFLAGS = "-DNS_BLOCK_ASSERTIONS=1";
				SDKROOT = iphoneos;
			};
			name = Release;
		};
		B998B901134C6768003C2C7B /* Debug */ = {
			isa = XCBuildConfiguration;
			buildSettings = {
				ALWAYS_SEARCH_USER_PATHS = NO;
				COPY_PHASE_STRIP = NO;
				GCC_DYNAMIC_NO_PIC = NO;
				GCC_PRECOMPILE_PREFIX_HEADER = YES;
				GCC_PREFIX_HEADER = "ZigPad/ZigPad-Prefix.pch";
				INFOPLIST_FILE = "ZigPad/ZigPad-Info.plist";
				PRODUCT_NAME = "$(TARGET_NAME)";
				WRAPPER_EXTENSION = app;
			};
			name = Debug;
		};
		B998B902134C6768003C2C7B /* Release */ = {
			isa = XCBuildConfiguration;
			buildSettings = {
				ALWAYS_SEARCH_USER_PATHS = NO;
				COPY_PHASE_STRIP = YES;
				GCC_PRECOMPILE_PREFIX_HEADER = YES;
				GCC_PREFIX_HEADER = "ZigPad/ZigPad-Prefix.pch";
				INFOPLIST_FILE = "ZigPad/ZigPad-Info.plist";
				PRODUCT_NAME = "$(TARGET_NAME)";
				VALIDATE_PRODUCT = YES;
				WRAPPER_EXTENSION = app;
			};
			name = Release;
		};
		B998B922134C67B5003C2C7B /* Debug */ = {
			isa = XCBuildConfiguration;
			buildSettings = {
				ALWAYS_SEARCH_USER_PATHS = NO;
				"CODE_SIGN_IDENTITY[sdk=iphoneos*]" = "iPhone Developer";
				COPY_PHASE_STRIP = NO;
				FRAMEWORK_SEARCH_PATHS = (
					"$(inherited)",
					"\"$(SRCROOT)/../../Frameworks/gh-unit/Project-IPhone/build/Framework\"",
					/System/Library/Frameworks,
					"\"$(SRCROOT)/Frameworks\"",
				);
				GCC_DYNAMIC_NO_PIC = NO;
				GCC_PRECOMPILE_PREFIX_HEADER = YES;
				GCC_PREFIX_HEADER = "Tests/Tests-Prefix.pch";
				INFOPLIST_FILE = "Tests/Tests-Info.plist";
				IPHONEOS_DEPLOYMENT_TARGET = 4.2;
				OTHER_CODE_SIGN_FLAGS = "";
				OTHER_LDFLAGS = (
					"-ObjC",
					"-all_load",
				);
				PRODUCT_NAME = "$(TARGET_NAME)";
				WRAPPER_EXTENSION = app;
			};
			name = Debug;
		};
		B998B923134C67B5003C2C7B /* Release */ = {
			isa = XCBuildConfiguration;
			buildSettings = {
				ALWAYS_SEARCH_USER_PATHS = NO;
				"CODE_SIGN_IDENTITY[sdk=iphoneos*]" = "iPhone Developer";
				COPY_PHASE_STRIP = YES;
				FRAMEWORK_SEARCH_PATHS = (
					"$(inherited)",
					"\"$(SRCROOT)/../../Frameworks/gh-unit/Project-IPhone/build/Framework\"",
					/System/Library/Frameworks,
					"\"$(SRCROOT)/Frameworks\"",
				);
				GCC_PRECOMPILE_PREFIX_HEADER = YES;
				GCC_PREFIX_HEADER = "Tests/Tests-Prefix.pch";
				INFOPLIST_FILE = "Tests/Tests-Info.plist";
				IPHONEOS_DEPLOYMENT_TARGET = 4.2;
				OTHER_CODE_SIGN_FLAGS = "";
				OTHER_LDFLAGS = (
					"-ObjC",
					"-all_load",
				);
				PRODUCT_NAME = "$(TARGET_NAME)";
				VALIDATE_PRODUCT = YES;
				WRAPPER_EXTENSION = app;
			};
			name = Release;
		};
/* End XCBuildConfiguration section */

/* Begin XCConfigurationList section */
		B998B8D4134C6768003C2C7B /* Build configuration list for PBXProject "ZigPad" */ = {
			isa = XCConfigurationList;
			buildConfigurations = (
				B998B8FE134C6768003C2C7B /* Debug */,
				B998B8FF134C6768003C2C7B /* Release */,
			);
			defaultConfigurationIsVisible = 0;
			defaultConfigurationName = Release;
		};
		B998B900134C6768003C2C7B /* Build configuration list for PBXNativeTarget "ZigPad" */ = {
			isa = XCConfigurationList;
			buildConfigurations = (
				B998B901134C6768003C2C7B /* Debug */,
				B998B902134C6768003C2C7B /* Release */,
			);
			defaultConfigurationIsVisible = 0;
			defaultConfigurationName = Release;
		};
		B998B921134C67B5003C2C7B /* Build configuration list for PBXNativeTarget "Tests" */ = {
			isa = XCConfigurationList;
			buildConfigurations = (
				B998B922134C67B5003C2C7B /* Debug */,
				B998B923134C67B5003C2C7B /* Release */,
			);
			defaultConfigurationIsVisible = 0;
			defaultConfigurationName = Release;
		};
/* End XCConfigurationList section */

/* Begin XCVersionGroup section */
		B9A2FC6A13656076009BA16A /* Presentations.xcdatamodeld */ = {
			isa = XCVersionGroup;
			children = (
				B9A2FC6B13656076009BA16A /* Presentations.xcdatamodel */,
			);
			currentVersion = B9A2FC6B13656076009BA16A /* Presentations.xcdatamodel */;
			path = Presentations.xcdatamodeld;
			sourceTree = "<group>";
			versionGroupType = wrapper.xcdatamodel;
		};
/* End XCVersionGroup section */
	};
	rootObject = B998B8D1134C6768003C2C7B /* Project object */;
}
