// !$*UTF8*$!
{
	archiveVersion = 1;
	classes = {
	};
	objectVersion = 46;
	objects = {

/* Begin PBXBuildFile section */
		B998B8DF134C6768003C2C7B /* UIKit.framework in Frameworks */ = {isa = PBXBuildFile; fileRef = B998B8DE134C6768003C2C7B /* UIKit.framework */; };
		B998B8E1134C6768003C2C7B /* Foundation.framework in Frameworks */ = {isa = PBXBuildFile; fileRef = B998B8E0134C6768003C2C7B /* Foundation.framework */; };
		B998B8E3134C6768003C2C7B /* CoreGraphics.framework in Frameworks */ = {isa = PBXBuildFile; fileRef = B998B8E2134C6768003C2C7B /* CoreGraphics.framework */; };
		B998B8E5134C6768003C2C7B /* CoreData.framework in Frameworks */ = {isa = PBXBuildFile; fileRef = B998B8E4134C6768003C2C7B /* CoreData.framework */; };
		B998B8EB134C6768003C2C7B /* InfoPlist.strings in Resources */ = {isa = PBXBuildFile; fileRef = B998B8E9134C6768003C2C7B /* InfoPlist.strings */; };
		B998B8EE134C6768003C2C7B /* main.m in Sources */ = {isa = PBXBuildFile; fileRef = B998B8ED134C6768003C2C7B /* main.m */; };
		B998B8F1134C6768003C2C7B /* ZigPadAppDelegate.m in Sources */ = {isa = PBXBuildFile; fileRef = B998B8F0134C6768003C2C7B /* ZigPadAppDelegate.m */; };
		B998B8F7134C6768003C2C7B /* MainWindow.xib in Resources */ = {isa = PBXBuildFile; fileRef = B998B8F5134C6768003C2C7B /* MainWindow.xib */; };
		B998B8FA134C6768003C2C7B /* RootViewController.m in Sources */ = {isa = PBXBuildFile; fileRef = B998B8F9134C6768003C2C7B /* RootViewController.m */; };
		B998B8FD134C6768003C2C7B /* RootViewController.xib in Resources */ = {isa = PBXBuildFile; fileRef = B998B8FB134C6768003C2C7B /* RootViewController.xib */; };
		B998B909134C67B5003C2C7B /* UIKit.framework in Frameworks */ = {isa = PBXBuildFile; fileRef = B998B8DE134C6768003C2C7B /* UIKit.framework */; };
		B998B90A134C67B5003C2C7B /* Foundation.framework in Frameworks */ = {isa = PBXBuildFile; fileRef = B998B8E0134C6768003C2C7B /* Foundation.framework */; };
		B998B90B134C67B5003C2C7B /* CoreGraphics.framework in Frameworks */ = {isa = PBXBuildFile; fileRef = B998B8E2134C6768003C2C7B /* CoreGraphics.framework */; };
		B998B911134C67B5003C2C7B /* InfoPlist.strings in Resources */ = {isa = PBXBuildFile; fileRef = B998B90F134C67B5003C2C7B /* InfoPlist.strings */; };
		B998B925134C6853003C2C7B /* GHUnitIOS.framework in Frameworks */ = {isa = PBXBuildFile; fileRef = B998B924134C6853003C2C7B /* GHUnitIOS.framework */; };
		B998B928134C6930003C2C7B /* GHUnitIOSTestMain.m in Sources */ = {isa = PBXBuildFile; fileRef = B998B927134C6930003C2C7B /* GHUnitIOSTestMain.m */; };
		B998B92B134C69AD003C2C7B /* ImporterTest.m in Sources */ = {isa = PBXBuildFile; fileRef = B998B92A134C69AD003C2C7B /* ImporterTest.m */; };
		B9BC41B2134C86B60085D597 /* Importer.m in Sources */ = {isa = PBXBuildFile; fileRef = B9BC41B1134C86B60085D597 /* Importer.m */; };
		B9BC41B5134C86CC0085D597 /* Config.m in Sources */ = {isa = PBXBuildFile; fileRef = B9BC41B4134C86CC0085D597 /* Config.m */; };
		B9BC41B7134C8A230085D597 /* xml-example.xml in Resources */ = {isa = PBXBuildFile; fileRef = B9BC41B6134C8A230085D597 /* xml-example.xml */; };
		B9BC41C2134C8E400085D597 /* Importer.m in Sources */ = {isa = PBXBuildFile; fileRef = B9BC41B1134C86B60085D597 /* Importer.m */; };
		B9BC41C3134C8E470085D597 /* Config.m in Sources */ = {isa = PBXBuildFile; fileRef = B9BC41B4134C86CC0085D597 /* Config.m */; };
		B9BC41C6134C8E8A0085D597 /* ERD.xcdatamodeld in Sources */ = {isa = PBXBuildFile; fileRef = B9BC41C4134C8E8A0085D597 /* ERD.xcdatamodeld */; };
		B9BC41D2134C8EB40085D597 /* Action.m in Sources */ = {isa = PBXBuildFile; fileRef = B9BC41C9134C8EB40085D597 /* Action.m */; };
		B9BC41D3134C8EB40085D597 /* Action.m in Sources */ = {isa = PBXBuildFile; fileRef = B9BC41C9134C8EB40085D597 /* Action.m */; };
		B9BC41D4134C8EB40085D597 /* LocalPicture.m in Sources */ = {isa = PBXBuildFile; fileRef = B9BC41CB134C8EB40085D597 /* LocalPicture.m */; };
		B9BC41D5134C8EB40085D597 /* LocalPicture.m in Sources */ = {isa = PBXBuildFile; fileRef = B9BC41CB134C8EB40085D597 /* LocalPicture.m */; };
		B9BC41D6134C8EB40085D597 /* Param.m in Sources */ = {isa = PBXBuildFile; fileRef = B9BC41CD134C8EB40085D597 /* Param.m */; };
		B9BC41D7134C8EB40085D597 /* Param.m in Sources */ = {isa = PBXBuildFile; fileRef = B9BC41CD134C8EB40085D597 /* Param.m */; };
		B9BC41D8134C8EB40085D597 /* Presentation.m in Sources */ = {isa = PBXBuildFile; fileRef = B9BC41CF134C8EB40085D597 /* Presentation.m */; };
		B9BC41D9134C8EB40085D597 /* Presentation.m in Sources */ = {isa = PBXBuildFile; fileRef = B9BC41CF134C8EB40085D597 /* Presentation.m */; };
		B9BC41DA134C8EB40085D597 /* Sequence.m in Sources */ = {isa = PBXBuildFile; fileRef = B9BC41D1134C8EB40085D597 /* Sequence.m */; };
		B9BC41DB134C8EB40085D597 /* Sequence.m in Sources */ = {isa = PBXBuildFile; fileRef = B9BC41D1134C8EB40085D597 /* Sequence.m */; };
		B9BC41DC134C8F000085D597 /* CoreData.framework in Frameworks */ = {isa = PBXBuildFile; fileRef = B998B8E4134C6768003C2C7B /* CoreData.framework */; };
		B9BC41DF134C91700085D597 /* Database.m in Sources */ = {isa = PBXBuildFile; fileRef = B9BC41DE134C91700085D597 /* Database.m */; };
		B9BC41E0134C91700085D597 /* Database.m in Sources */ = {isa = PBXBuildFile; fileRef = B9BC41DE134C91700085D597 /* Database.m */; };
/* End PBXBuildFile section */

/* Begin PBXFileReference section */
		B998B8DA134C6768003C2C7B /* ZigPad.app */ = {isa = PBXFileReference; explicitFileType = wrapper.application; includeInIndex = 0; path = ZigPad.app; sourceTree = BUILT_PRODUCTS_DIR; };
		B998B8DE134C6768003C2C7B /* UIKit.framework */ = {isa = PBXFileReference; lastKnownFileType = wrapper.framework; name = UIKit.framework; path = System/Library/Frameworks/UIKit.framework; sourceTree = SDKROOT; };
		B998B8E0134C6768003C2C7B /* Foundation.framework */ = {isa = PBXFileReference; lastKnownFileType = wrapper.framework; name = Foundation.framework; path = System/Library/Frameworks/Foundation.framework; sourceTree = SDKROOT; };
		B998B8E2134C6768003C2C7B /* CoreGraphics.framework */ = {isa = PBXFileReference; lastKnownFileType = wrapper.framework; name = CoreGraphics.framework; path = System/Library/Frameworks/CoreGraphics.framework; sourceTree = SDKROOT; };
		B998B8E4134C6768003C2C7B /* CoreData.framework */ = {isa = PBXFileReference; lastKnownFileType = wrapper.framework; name = CoreData.framework; path = System/Library/Frameworks/CoreData.framework; sourceTree = SDKROOT; };
		B998B8E8134C6768003C2C7B /* ZigPad-Info.plist */ = {isa = PBXFileReference; lastKnownFileType = text.plist.xml; path = "ZigPad-Info.plist"; sourceTree = "<group>"; };
		B998B8EA134C6768003C2C7B /* en */ = {isa = PBXFileReference; lastKnownFileType = text.plist.strings; name = en; path = en.lproj/InfoPlist.strings; sourceTree = "<group>"; };
		B998B8EC134C6768003C2C7B /* ZigPad-Prefix.pch */ = {isa = PBXFileReference; lastKnownFileType = sourcecode.c.h; path = "ZigPad-Prefix.pch"; sourceTree = "<group>"; };
		B998B8ED134C6768003C2C7B /* main.m */ = {isa = PBXFileReference; lastKnownFileType = sourcecode.c.objc; path = main.m; sourceTree = "<group>"; };
		B998B8EF134C6768003C2C7B /* ZigPadAppDelegate.h */ = {isa = PBXFileReference; lastKnownFileType = sourcecode.c.h; path = ZigPadAppDelegate.h; sourceTree = "<group>"; };
		B998B8F0134C6768003C2C7B /* ZigPadAppDelegate.m */ = {isa = PBXFileReference; lastKnownFileType = sourcecode.c.objc; path = ZigPadAppDelegate.m; sourceTree = "<group>"; };
		B998B8F6134C6768003C2C7B /* en */ = {isa = PBXFileReference; lastKnownFileType = file.xib; name = en; path = en.lproj/MainWindow.xib; sourceTree = "<group>"; };
		B998B8F8134C6768003C2C7B /* RootViewController.h */ = {isa = PBXFileReference; lastKnownFileType = sourcecode.c.h; path = RootViewController.h; sourceTree = "<group>"; };
		B998B8F9134C6768003C2C7B /* RootViewController.m */ = {isa = PBXFileReference; lastKnownFileType = sourcecode.c.objc; path = RootViewController.m; sourceTree = "<group>"; };
		B998B8FC134C6768003C2C7B /* en */ = {isa = PBXFileReference; lastKnownFileType = file.xib; name = en; path = en.lproj/RootViewController.xib; sourceTree = "<group>"; };
		B998B907134C67B5003C2C7B /* Tests.app */ = {isa = PBXFileReference; explicitFileType = wrapper.application; includeInIndex = 0; path = Tests.app; sourceTree = BUILT_PRODUCTS_DIR; };
		B998B90E134C67B5003C2C7B /* Tests-Info.plist */ = {isa = PBXFileReference; lastKnownFileType = text.plist.xml; path = "Tests-Info.plist"; sourceTree = "<group>"; };
		B998B910134C67B5003C2C7B /* en */ = {isa = PBXFileReference; lastKnownFileType = text.plist.strings; name = en; path = en.lproj/InfoPlist.strings; sourceTree = "<group>"; };
		B998B912134C67B5003C2C7B /* Tests-Prefix.pch */ = {isa = PBXFileReference; lastKnownFileType = sourcecode.c.h; path = "Tests-Prefix.pch"; sourceTree = "<group>"; };
		B998B924134C6853003C2C7B /* GHUnitIOS.framework */ = {isa = PBXFileReference; lastKnownFileType = wrapper.framework; name = GHUnitIOS.framework; path = "../../Frameworks/gh-unit/Project-IPhone/build/Framework/GHUnitIOS.framework"; sourceTree = "<group>"; };
		B998B927134C6930003C2C7B /* GHUnitIOSTestMain.m */ = {isa = PBXFileReference; fileEncoding = 4; lastKnownFileType = sourcecode.c.objc; path = GHUnitIOSTestMain.m; sourceTree = "<group>"; };
		B998B92A134C69AD003C2C7B /* ImporterTest.m */ = {isa = PBXFileReference; fileEncoding = 4; lastKnownFileType = sourcecode.c.objc; path = ImporterTest.m; sourceTree = "<group>"; };
		B9BC41B0134C86B60085D597 /* Importer.h */ = {isa = PBXFileReference; fileEncoding = 4; lastKnownFileType = sourcecode.c.h; path = Importer.h; sourceTree = "<group>"; };
		B9BC41B1134C86B60085D597 /* Importer.m */ = {isa = PBXFileReference; fileEncoding = 4; lastKnownFileType = sourcecode.c.objc; path = Importer.m; sourceTree = "<group>"; };
		B9BC41B3134C86CC0085D597 /* Config.h */ = {isa = PBXFileReference; fileEncoding = 4; lastKnownFileType = sourcecode.c.h; path = Config.h; sourceTree = "<group>"; };
		B9BC41B4134C86CC0085D597 /* Config.m */ = {isa = PBXFileReference; fileEncoding = 4; lastKnownFileType = sourcecode.c.objc; path = Config.m; sourceTree = "<group>"; };
		B9BC41B6134C8A230085D597 /* xml-example.xml */ = {isa = PBXFileReference; fileEncoding = 4; lastKnownFileType = text.xml; path = "xml-example.xml"; sourceTree = "<group>"; };
		B9BC41C5134C8E8A0085D597 /* ERD.xcdatamodel */ = {isa = PBXFileReference; lastKnownFileType = wrapper.xcdatamodel; path = ERD.xcdatamodel; sourceTree = "<group>"; };
		B9BC41C8134C8EB40085D597 /* Action.h */ = {isa = PBXFileReference; fileEncoding = 4; lastKnownFileType = sourcecode.c.h; path = Action.h; sourceTree = "<group>"; };
		B9BC41C9134C8EB40085D597 /* Action.m */ = {isa = PBXFileReference; fileEncoding = 4; lastKnownFileType = sourcecode.c.objc; path = Action.m; sourceTree = "<group>"; };
		B9BC41CA134C8EB40085D597 /* LocalPicture.h */ = {isa = PBXFileReference; fileEncoding = 4; lastKnownFileType = sourcecode.c.h; path = LocalPicture.h; sourceTree = "<group>"; };
		B9BC41CB134C8EB40085D597 /* LocalPicture.m */ = {isa = PBXFileReference; fileEncoding = 4; lastKnownFileType = sourcecode.c.objc; path = LocalPicture.m; sourceTree = "<group>"; };
		B9BC41CC134C8EB40085D597 /* Param.h */ = {isa = PBXFileReference; fileEncoding = 4; lastKnownFileType = sourcecode.c.h; path = Param.h; sourceTree = "<group>"; };
		B9BC41CD134C8EB40085D597 /* Param.m */ = {isa = PBXFileReference; fileEncoding = 4; lastKnownFileType = sourcecode.c.objc; path = Param.m; sourceTree = "<group>"; };
		B9BC41CE134C8EB40085D597 /* Presentation.h */ = {isa = PBXFileReference; fileEncoding = 4; lastKnownFileType = sourcecode.c.h; path = Presentation.h; sourceTree = "<group>"; };
		B9BC41CF134C8EB40085D597 /* Presentation.m */ = {isa = PBXFileReference; fileEncoding = 4; lastKnownFileType = sourcecode.c.objc; path = Presentation.m; sourceTree = "<group>"; };
		B9BC41D0134C8EB40085D597 /* Sequence.h */ = {isa = PBXFileReference; fileEncoding = 4; lastKnownFileType = sourcecode.c.h; path = Sequence.h; sourceTree = "<group>"; };
		B9BC41D1134C8EB40085D597 /* Sequence.m */ = {isa = PBXFileReference; fileEncoding = 4; lastKnownFileType = sourcecode.c.objc; path = Sequence.m; sourceTree = "<group>"; };
		B9BC41DD134C91700085D597 /* Database.h */ = {isa = PBXFileReference; fileEncoding = 4; lastKnownFileType = sourcecode.c.h; path = Database.h; sourceTree = "<group>"; };
		B9BC41DE134C91700085D597 /* Database.m */ = {isa = PBXFileReference; fileEncoding = 4; lastKnownFileType = sourcecode.c.objc; path = Database.m; sourceTree = "<group>"; };
/* End PBXFileReference section */

/* Begin PBXFrameworksBuildPhase section */
		B998B8D7134C6768003C2C7B /* Frameworks */ = {
			isa = PBXFrameworksBuildPhase;
			buildActionMask = 2147483647;
			files = (
				B998B8DF134C6768003C2C7B /* UIKit.framework in Frameworks */,
				B998B8E1134C6768003C2C7B /* Foundation.framework in Frameworks */,
				B998B8E3134C6768003C2C7B /* CoreGraphics.framework in Frameworks */,
				B998B8E5134C6768003C2C7B /* CoreData.framework in Frameworks */,
			);
			runOnlyForDeploymentPostprocessing = 0;
		};
		B998B904134C67B5003C2C7B /* Frameworks */ = {
			isa = PBXFrameworksBuildPhase;
			buildActionMask = 2147483647;
			files = (
				B998B925134C6853003C2C7B /* GHUnitIOS.framework in Frameworks */,
				B998B909134C67B5003C2C7B /* UIKit.framework in Frameworks */,
				B998B90A134C67B5003C2C7B /* Foundation.framework in Frameworks */,
				B998B90B134C67B5003C2C7B /* CoreGraphics.framework in Frameworks */,
				B9BC41DC134C8F000085D597 /* CoreData.framework in Frameworks */,
			);
			runOnlyForDeploymentPostprocessing = 0;
		};
/* End PBXFrameworksBuildPhase section */

/* Begin PBXGroup section */
		B998B8CF134C6768003C2C7B = {
			isa = PBXGroup;
			children = (
				B998B8E6134C6768003C2C7B /* ZigPad */,
				B998B90C134C67B5003C2C7B /* Tests */,
				B998B8DD134C6768003C2C7B /* Frameworks */,
				B998B8DB134C6768003C2C7B /* Products */,
			);
			sourceTree = "<group>";
		};
		B998B8DB134C6768003C2C7B /* Products */ = {
			isa = PBXGroup;
			children = (
				B998B8DA134C6768003C2C7B /* ZigPad.app */,
				B998B907134C67B5003C2C7B /* Tests.app */,
			);
			name = Products;
			sourceTree = "<group>";
		};
		B998B8DD134C6768003C2C7B /* Frameworks */ = {
			isa = PBXGroup;
			children = (
				B998B924134C6853003C2C7B /* GHUnitIOS.framework */,
				B998B8DE134C6768003C2C7B /* UIKit.framework */,
				B998B8E0134C6768003C2C7B /* Foundation.framework */,
				B998B8E2134C6768003C2C7B /* CoreGraphics.framework */,
				B998B8E4134C6768003C2C7B /* CoreData.framework */,
			);
			name = Frameworks;
			sourceTree = "<group>";
		};
		B998B8E6134C6768003C2C7B /* ZigPad */ = {
			isa = PBXGroup;
			children = (
				B9BC41C7134C8EB40085D597 /* coredata */,
				B9BC41C4134C8E8A0085D597 /* ERD.xcdatamodeld */,
				B9BC41AF134C864A0085D597 /* Importer */,
				B998B8EF134C6768003C2C7B /* ZigPadAppDelegate.h */,
				B998B8F0134C6768003C2C7B /* ZigPadAppDelegate.m */,
				B998B8F5134C6768003C2C7B /* MainWindow.xib */,
				B9BC41AA134C85F50085D597 /* UI */,
				B998B8E7134C6768003C2C7B /* Supporting Files */,
			);
			path = ZigPad;
			sourceTree = "<group>";
		};
		B998B8E7134C6768003C2C7B /* Supporting Files */ = {
			isa = PBXGroup;
			children = (
				B998B8E8134C6768003C2C7B /* ZigPad-Info.plist */,
				B998B8E9134C6768003C2C7B /* InfoPlist.strings */,
				B998B8EC134C6768003C2C7B /* ZigPad-Prefix.pch */,
				B998B8ED134C6768003C2C7B /* main.m */,
			);
			name = "Supporting Files";
			sourceTree = "<group>";
		};
		B998B90C134C67B5003C2C7B /* Tests */ = {
			isa = PBXGroup;
			children = (
				B9BC41B6134C8A230085D597 /* xml-example.xml */,
				B998B90D134C67B5003C2C7B /* Supporting Files */,
				B998B927134C6930003C2C7B /* GHUnitIOSTestMain.m */,
				B998B92A134C69AD003C2C7B /* ImporterTest.m */,
			);
			path = Tests;
			sourceTree = "<group>";
		};
		B998B90D134C67B5003C2C7B /* Supporting Files */ = {
			isa = PBXGroup;
			children = (
				B998B90E134C67B5003C2C7B /* Tests-Info.plist */,
				B998B90F134C67B5003C2C7B /* InfoPlist.strings */,
				B998B912134C67B5003C2C7B /* Tests-Prefix.pch */,
			);
			name = "Supporting Files";
			sourceTree = "<group>";
		};
		B9BC41AA134C85F50085D597 /* UI */ = {
			isa = PBXGroup;
			children = (
				B998B8F8134C6768003C2C7B /* RootViewController.h */,
				B998B8F9134C6768003C2C7B /* RootViewController.m */,
				B998B8FB134C6768003C2C7B /* RootViewController.xib */,
			);
			name = UI;
			sourceTree = "<group>";
		};
		B9BC41AF134C864A0085D597 /* Importer */ = {
			isa = PBXGroup;
			children = (
				B9BC41B3134C86CC0085D597 /* Config.h */,
				B9BC41B4134C86CC0085D597 /* Config.m */,
				B9BC41B0134C86B60085D597 /* Importer.h */,
				B9BC41B1134C86B60085D597 /* Importer.m */,
			);
			name = Importer;
			sourceTree = "<group>";
		};
		B9BC41C7134C8EB40085D597 /* coredata */ = {
			isa = PBXGroup;
			children = (
				B9BC41C8134C8EB40085D597 /* Action.h */,
				B9BC41C9134C8EB40085D597 /* Action.m */,
				B9BC41CA134C8EB40085D597 /* LocalPicture.h */,
				B9BC41CB134C8EB40085D597 /* LocalPicture.m */,
				B9BC41CC134C8EB40085D597 /* Param.h */,
				B9BC41CD134C8EB40085D597 /* Param.m */,
				B9BC41CE134C8EB40085D597 /* Presentation.h */,
				B9BC41CF134C8EB40085D597 /* Presentation.m */,
				B9BC41D0134C8EB40085D597 /* Sequence.h */,
				B9BC41D1134C8EB40085D597 /* Sequence.m */,
				B9BC41DD134C91700085D597 /* Database.h */,
				B9BC41DE134C91700085D597 /* Database.m */,
			);
			path = coredata;
			sourceTree = "<group>";
		};
/* End PBXGroup section */

/* Begin PBXNativeTarget section */
		B998B8D9134C6768003C2C7B /* ZigPad */ = {
			isa = PBXNativeTarget;
			buildConfigurationList = B998B900134C6768003C2C7B /* Build configuration list for PBXNativeTarget "ZigPad" */;
			buildPhases = (
				B998B8D6134C6768003C2C7B /* Sources */,
				B998B8D7134C6768003C2C7B /* Frameworks */,
				B998B8D8134C6768003C2C7B /* Resources */,
			);
			buildRules = (
			);
			dependencies = (
			);
			name = ZigPad;
			productName = ZigPad;
			productReference = B998B8DA134C6768003C2C7B /* ZigPad.app */;
			productType = "com.apple.product-type.application";
		};
		B998B906134C67B5003C2C7B /* Tests */ = {
			isa = PBXNativeTarget;
			buildConfigurationList = B998B921134C67B5003C2C7B /* Build configuration list for PBXNativeTarget "Tests" */;
			buildPhases = (
				B998B903134C67B5003C2C7B /* Sources */,
				B998B904134C67B5003C2C7B /* Frameworks */,
				B998B905134C67B5003C2C7B /* Resources */,
			);
			buildRules = (
			);
			dependencies = (
			);
			name = Tests;
			productName = Tests;
			productReference = B998B907134C67B5003C2C7B /* Tests.app */;
			productType = "com.apple.product-type.application";
		};
/* End PBXNativeTarget section */

/* Begin PBXProject section */
		B998B8D1134C6768003C2C7B /* Project object */ = {
			isa = PBXProject;
			buildConfigurationList = B998B8D4134C6768003C2C7B /* Build configuration list for PBXProject "ZigPad" */;
			compatibilityVersion = "Xcode 3.2";
			developmentRegion = English;
			hasScannedForEncodings = 0;
			knownRegions = (
				en,
			);
			mainGroup = B998B8CF134C6768003C2C7B;
			productRefGroup = B998B8DB134C6768003C2C7B /* Products */;
			projectDirPath = "";
			projectRoot = "";
			targets = (
				B998B8D9134C6768003C2C7B /* ZigPad */,
				B998B906134C67B5003C2C7B /* Tests */,
			);
		};
/* End PBXProject section */

/* Begin PBXResourcesBuildPhase section */
		B998B8D8134C6768003C2C7B /* Resources */ = {
			isa = PBXResourcesBuildPhase;
			buildActionMask = 2147483647;
			files = (
				B998B8EB134C6768003C2C7B /* InfoPlist.strings in Resources */,
				B998B8F7134C6768003C2C7B /* MainWindow.xib in Resources */,
				B998B8FD134C6768003C2C7B /* RootViewController.xib in Resources */,
				B9BC41B7134C8A230085D597 /* xml-example.xml in Resources */,
			);
			runOnlyForDeploymentPostprocessing = 0;
		};
		B998B905134C67B5003C2C7B /* Resources */ = {
			isa = PBXResourcesBuildPhase;
			buildActionMask = 2147483647;
			files = (
				B998B911134C67B5003C2C7B /* InfoPlist.strings in Resources */,
			);
			runOnlyForDeploymentPostprocessing = 0;
		};
/* End PBXResourcesBuildPhase section */

/* Begin PBXSourcesBuildPhase section */
		B998B8D6134C6768003C2C7B /* Sources */ = {
			isa = PBXSourcesBuildPhase;
			buildActionMask = 2147483647;
			files = (
				B998B8EE134C6768003C2C7B /* main.m in Sources */,
				B998B8F1134C6768003C2C7B /* ZigPadAppDelegate.m in Sources */,
				B998B8FA134C6768003C2C7B /* RootViewController.m in Sources */,
				B9BC41B2134C86B60085D597 /* Importer.m in Sources */,
				B9BC41B5134C86CC0085D597 /* Config.m in Sources */,
				B9BC41C6134C8E8A0085D597 /* ERD.xcdatamodeld in Sources */,
				B9BC41D2134C8EB40085D597 /* Action.m in Sources */,
				B9BC41D4134C8EB40085D597 /* LocalPicture.m in Sources */,
				B9BC41D6134C8EB40085D597 /* Param.m in Sources */,
				B9BC41D8134C8EB40085D597 /* Presentation.m in Sources */,
				B9BC41DA134C8EB40085D597 /* Sequence.m in Sources */,
				B9BC41DF134C91700085D597 /* Database.m in Sources */,
			);
			runOnlyForDeploymentPostprocessing = 0;
		};
		B998B903134C67B5003C2C7B /* Sources */ = {
			isa = PBXSourcesBuildPhase;
			buildActionMask = 2147483647;
			files = (
				B998B928134C6930003C2C7B /* GHUnitIOSTestMain.m in Sources */,
				B998B92B134C69AD003C2C7B /* ImporterTest.m in Sources */,
				B9BC41C2134C8E400085D597 /* Importer.m in Sources */,
				B9BC41C3134C8E470085D597 /* Config.m in Sources */,
				B9BC41D3134C8EB40085D597 /* Action.m in Sources */,
				B9BC41D5134C8EB40085D597 /* LocalPicture.m in Sources */,
				B9BC41D7134C8EB40085D597 /* Param.m in Sources */,
				B9BC41D9134C8EB40085D597 /* Presentation.m in Sources */,
				B9BC41DB134C8EB40085D597 /* Sequence.m in Sources */,
				B9BC41E0134C91700085D597 /* Database.m in Sources */,
			);
			runOnlyForDeploymentPostprocessing = 0;
		};
/* End PBXSourcesBuildPhase section */

/* Begin PBXVariantGroup section */
		B998B8E9134C6768003C2C7B /* InfoPlist.strings */ = {
			isa = PBXVariantGroup;
			children = (
				B998B8EA134C6768003C2C7B /* en */,
			);
			name = InfoPlist.strings;
			sourceTree = "<group>";
		};
		B998B8F5134C6768003C2C7B /* MainWindow.xib */ = {
			isa = PBXVariantGroup;
			children = (
				B998B8F6134C6768003C2C7B /* en */,
			);
			name = MainWindow.xib;
			sourceTree = "<group>";
		};
		B998B8FB134C6768003C2C7B /* RootViewController.xib */ = {
			isa = PBXVariantGroup;
			children = (
				B998B8FC134C6768003C2C7B /* en */,
			);
			name = RootViewController.xib;
			sourceTree = "<group>";
		};
		B998B90F134C67B5003C2C7B /* InfoPlist.strings */ = {
			isa = PBXVariantGroup;
			children = (
				B998B910134C67B5003C2C7B /* en */,
			);
			name = InfoPlist.strings;
			sourceTree = "<group>";
		};
/* End PBXVariantGroup section */

/* Begin XCBuildConfiguration section */
		B998B8FE134C6768003C2C7B /* Debug */ = {
			isa = XCBuildConfiguration;
			buildSettings = {
				ARCHS = "$(ARCHS_STANDARD_32_BIT)";
				"CODE_SIGN_IDENTITY[sdk=iphoneos*]" = "iPhone Developer";
				GCC_C_LANGUAGE_STANDARD = gnu99;
				GCC_OPTIMIZATION_LEVEL = 0;
				GCC_PREPROCESSOR_DEFINITIONS = DEBUG;
				GCC_SYMBOLS_PRIVATE_EXTERN = NO;
				GCC_VERSION = com.apple.compilers.llvmgcc42;
				GCC_WARN_ABOUT_RETURN_TYPE = YES;
				GCC_WARN_UNUSED_VARIABLE = YES;
				IPHONEOS_DEPLOYMENT_TARGET = 4.3;
				SDKROOT = iphoneos;
			};
			name = Debug;
		};
		B998B8FF134C6768003C2C7B /* Release */ = {
			isa = XCBuildConfiguration;
			buildSettings = {
				ARCHS = "$(ARCHS_STANDARD_32_BIT)";
				"CODE_SIGN_IDENTITY[sdk=iphoneos*]" = "iPhone Developer";
				GCC_C_LANGUAGE_STANDARD = gnu99;
				GCC_VERSION = com.apple.compilers.llvmgcc42;
				GCC_WARN_ABOUT_RETURN_TYPE = YES;
				GCC_WARN_UNUSED_VARIABLE = YES;
				IPHONEOS_DEPLOYMENT_TARGET = 4.3;
				OTHER_CFLAGS = "-DNS_BLOCK_ASSERTIONS=1";
				SDKROOT = iphoneos;
			};
			name = Release;
		};
		B998B901134C6768003C2C7B /* Debug */ = {
			isa = XCBuildConfiguration;
			buildSettings = {
				ALWAYS_SEARCH_USER_PATHS = NO;
				COPY_PHASE_STRIP = NO;
				GCC_DYNAMIC_NO_PIC = NO;
				GCC_PRECOMPILE_PREFIX_HEADER = YES;
				GCC_PREFIX_HEADER = "ZigPad/ZigPad-Prefix.pch";
				INFOPLIST_FILE = "ZigPad/ZigPad-Info.plist";
				PRODUCT_NAME = "$(TARGET_NAME)";
				WRAPPER_EXTENSION = app;
			};
			name = Debug;
		};
		B998B902134C6768003C2C7B /* Release */ = {
			isa = XCBuildConfiguration;
			buildSettings = {
				ALWAYS_SEARCH_USER_PATHS = NO;
				COPY_PHASE_STRIP = YES;
				GCC_PRECOMPILE_PREFIX_HEADER = YES;
				GCC_PREFIX_HEADER = "ZigPad/ZigPad-Prefix.pch";
				INFOPLIST_FILE = "ZigPad/ZigPad-Info.plist";
				PRODUCT_NAME = "$(TARGET_NAME)";
				VALIDATE_PRODUCT = YES;
				WRAPPER_EXTENSION = app;
			};
			name = Release;
		};
		B998B922134C67B5003C2C7B /* Debug */ = {
			isa = XCBuildConfiguration;
			buildSettings = {
				ALWAYS_SEARCH_USER_PATHS = NO;
				"CODE_SIGN_IDENTITY[sdk=iphoneos*]" = "iPhone Developer";
				COPY_PHASE_STRIP = NO;
				FRAMEWORK_SEARCH_PATHS = (
					"$(inherited)",
					"\"$(SRCROOT)/../../Frameworks/gh-unit/Project-IPhone/build/Framework\"",
				);
				GCC_DYNAMIC_NO_PIC = NO;
				GCC_PRECOMPILE_PREFIX_HEADER = YES;
				GCC_PREFIX_HEADER = "Tests/Tests-Prefix.pch";
				INFOPLIST_FILE = "Tests/Tests-Info.plist";
				IPHONEOS_DEPLOYMENT_TARGET = 4.2;
				OTHER_CODE_SIGN_FLAGS = "";
				OTHER_LDFLAGS = "-ObjC";
				PRODUCT_NAME = "$(TARGET_NAME)";
				WRAPPER_EXTENSION = app;
			};
			name = Debug;
		};
		B998B923134C67B5003C2C7B /* Release */ = {
			isa = XCBuildConfiguration;
			buildSettings = {
				ALWAYS_SEARCH_USER_PATHS = NO;
				"CODE_SIGN_IDENTITY[sdk=iphoneos*]" = "iPhone Developer";
				COPY_PHASE_STRIP = YES;
				FRAMEWORK_SEARCH_PATHS = (
					"$(inherited)",
					"\"$(SRCROOT)/../../Frameworks/gh-unit/Project-IPhone/build/Framework\"",
				);
				GCC_PRECOMPILE_PREFIX_HEADER = YES;
				GCC_PREFIX_HEADER = "Tests/Tests-Prefix.pch";
				INFOPLIST_FILE = "Tests/Tests-Info.plist";
				IPHONEOS_DEPLOYMENT_TARGET = 4.2;
				OTHER_CODE_SIGN_FLAGS = "";
				OTHER_LDFLAGS = "-ObjC";
				PRODUCT_NAME = "$(TARGET_NAME)";
				VALIDATE_PRODUCT = YES;
				WRAPPER_EXTENSION = app;
			};
			name = Release;
		};
/* End XCBuildConfiguration section */

/* Begin XCConfigurationList section */
		B998B8D4134C6768003C2C7B /* Build configuration list for PBXProject "ZigPad" */ = {
			isa = XCConfigurationList;
			buildConfigurations = (
				B998B8FE134C6768003C2C7B /* Debug */,
				B998B8FF134C6768003C2C7B /* Release */,
			);
			defaultConfigurationIsVisible = 0;
			defaultConfigurationName = Release;
		};
		B998B900134C6768003C2C7B /* Build configuration list for PBXNativeTarget "ZigPad" */ = {
			isa = XCConfigurationList;
			buildConfigurations = (
				B998B901134C6768003C2C7B /* Debug */,
				B998B902134C6768003C2C7B /* Release */,
			);
			defaultConfigurationIsVisible = 0;
			defaultConfigurationName = Release;
		};
		B998B921134C67B5003C2C7B /* Build configuration list for PBXNativeTarget "Tests" */ = {
			isa = XCConfigurationList;
			buildConfigurations = (
				B998B922134C67B5003C2C7B /* Debug */,
				B998B923134C67B5003C2C7B /* Release */,
			);
			defaultConfigurationIsVisible = 0;
			defaultConfigurationName = Release;
		};
/* End XCConfigurationList section */

/* Begin XCVersionGroup section */
		B9BC41C4134C8E8A0085D597 /* ERD.xcdatamodeld */ = {
			isa = XCVersionGroup;
			children = (
				B9BC41C5134C8E8A0085D597 /* ERD.xcdatamodel */,
			);
			currentVersion = B9BC41C5134C8E8A0085D597 /* ERD.xcdatamodel */;
			path = ERD.xcdatamodeld;
			sourceTree = "<group>";
			versionGroupType = wrapper.xcdatamodel;
		};
/* End XCVersionGroup section */
	};
	rootObject = B998B8D1134C6768003C2C7B /* Project object */;
}
